// !$*UTF8*$!
{
	archiveVersion = 1;
	classes = {
	};
	objectVersion = 48;
	objects = {

/* Begin PBXBuildFile section */
		0C52B1930FDB9738DD3480FE /* libPods-CherryGrow.a in Frameworks */ = {isa = PBXBuildFile; fileRef = 4EF96083E32B222C796C74C1 /* libPods-CherryGrow.a */; };
		250E453F21A2625500BEEC58 /* MealSituation.m in Sources */ = {isa = PBXBuildFile; fileRef = 250E453E21A2625500BEEC58 /* MealSituation.m */; };
		250E454321A262FD00BEEC58 /* TodayMealSituationListRequest.m in Sources */ = {isa = PBXBuildFile; fileRef = 250E454221A262FD00BEEC58 /* TodayMealSituationListRequest.m */; };
		250E454721A2649600BEEC58 /* MealSituationUtil.m in Sources */ = {isa = PBXBuildFile; fileRef = 250E454621A2649600BEEC58 /* MealSituationUtil.m */; };
		250E454A21A2652000BEEC58 /* SituationRequestManager.m in Sources */ = {isa = PBXBuildFile; fileRef = 250E454921A2652000BEEC58 /* SituationRequestManager.m */; };
		250E454D21A286A100BEEC58 /* AddMealSituationRequest.m in Sources */ = {isa = PBXBuildFile; fileRef = 250E454C21A286A100BEEC58 /* AddMealSituationRequest.m */; };
		2531939621A5544D0014A23A /* InterestSituationStartViewController.m in Sources */ = {isa = PBXBuildFile; fileRef = 2531939521A5544D0014A23A /* InterestSituationStartViewController.m */; };
		2531939921A556E70014A23A /* PopViewController.m in Sources */ = {isa = PBXBuildFile; fileRef = 2531939821A556E70014A23A /* PopViewController.m */; };
		2531939C21A5581F0014A23A /* InterestCateSelectViewController.m in Sources */ = {isa = PBXBuildFile; fileRef = 2531939B21A5581F0014A23A /* InterestCateSelectViewController.m */; };
		2531939F21A55AE10014A23A /* InterestCatesReqeust.m in Sources */ = {isa = PBXBuildFile; fileRef = 2531939E21A55AE10014A23A /* InterestCatesReqeust.m */; };
		253193A221A55B210014A23A /* InterestCateModel.m in Sources */ = {isa = PBXBuildFile; fileRef = 253193A121A55B210014A23A /* InterestCateModel.m */; };
		253C5529217FFFC200BC3DDB /* AppDelegate.m in Sources */ = {isa = PBXBuildFile; fileRef = 253C5528217FFFC200BC3DDB /* AppDelegate.m */; };
		253C552F217FFFC200BC3DDB /* Main.storyboard in Resources */ = {isa = PBXBuildFile; fileRef = 253C552D217FFFC200BC3DDB /* Main.storyboard */; };
		253C5531217FFFC200BC3DDB /* Assets.xcassets in Resources */ = {isa = PBXBuildFile; fileRef = 253C5530217FFFC200BC3DDB /* Assets.xcassets */; };
		253C5534217FFFC200BC3DDB /* LaunchScreen.storyboard in Resources */ = {isa = PBXBuildFile; fileRef = 253C5532217FFFC200BC3DDB /* LaunchScreen.storyboard */; };
		253C5537217FFFC200BC3DDB /* main.m in Sources */ = {isa = PBXBuildFile; fileRef = 253C5536217FFFC200BC3DDB /* main.m */; };
		253C55432180015D00BC3DDB /* NSObject+RootControllerExt.m in Sources */ = {isa = PBXBuildFile; fileRef = 253C55422180015D00BC3DDB /* NSObject+RootControllerExt.m */; };
		253C5549218002BB00BC3DDB /* PageViewControllerManager.m in Sources */ = {isa = PBXBuildFile; fileRef = 253C5548218002BB00BC3DDB /* PageViewControllerManager.m */; };
		253C554C218002E900BC3DDB /* InitializationViewController.m in Sources */ = {isa = PBXBuildFile; fileRef = 253C554B218002E900BC3DDB /* InitializationViewController.m */; };
		253C55502180039F00BC3DDB /* InitializationUtil.m in Sources */ = {isa = PBXBuildFile; fileRef = 253C554F2180039F00BC3DDB /* InitializationUtil.m */; };
		253C55572180066F00BC3DDB /* UserAccountModel.m in Sources */ = {isa = PBXBuildFile; fileRef = 253C55562180066F00BC3DDB /* UserAccountModel.m */; };
		253C555A2180070C00BC3DDB /* UserUtil.m in Sources */ = {isa = PBXBuildFile; fileRef = 253C55592180070C00BC3DDB /* UserUtil.m */; };
		253C555E218008DF00BC3DDB /* UserDefaults.m in Sources */ = {isa = PBXBuildFile; fileRef = 253C555D218008DF00BC3DDB /* UserDefaults.m */; };
		253C55662180104300BC3DDB /* UIView+SubViewExt.m in Sources */ = {isa = PBXBuildFile; fileRef = 253C55652180104300BC3DDB /* UIView+SubViewExt.m */; };
		253C55692180108500BC3DDB /* UIViewController+SubViewExt.m in Sources */ = {isa = PBXBuildFile; fileRef = 253C55682180108500BC3DDB /* UIViewController+SubViewExt.m */; };
		253C556C218010B900BC3DDB /* UIView+BoarderExt.m in Sources */ = {isa = PBXBuildFile; fileRef = 253C556B218010B900BC3DDB /* UIView+BoarderExt.m */; };
		253C556F218011B000BC3DDB /* UIColor+StandardExt.m in Sources */ = {isa = PBXBuildFile; fileRef = 253C556E218011B000BC3DDB /* UIColor+StandardExt.m */; };
		253C55732180128000BC3DDB /* UserLoginViewController.m in Sources */ = {isa = PBXBuildFile; fileRef = 253C55722180128000BC3DDB /* UserLoginViewController.m */; };
		254AF7B321C89120003A4574 /* StatisticsViewController.m in Sources */ = {isa = PBXBuildFile; fileRef = 254AF7B221C89120003A4574 /* StatisticsViewController.m */; };
		254AF7B621C896DA003A4574 /* MealStatisticsViewController.m in Sources */ = {isa = PBXBuildFile; fileRef = 254AF7B521C896DA003A4574 /* MealStatisticsViewController.m */; };
		254AF7B921C89706003A4574 /* SleepStatisticsViewController.m in Sources */ = {isa = PBXBuildFile; fileRef = 254AF7B821C89706003A4574 /* SleepStatisticsViewController.m */; };
		254AF7BC21C89718003A4574 /* InterestStatisticViewController.m in Sources */ = {isa = PBXBuildFile; fileRef = 254AF7BB21C89718003A4574 /* InterestStatisticViewController.m */; };
		254AF7BF21C8A077003A4574 /* StatisticsDetModel.m in Sources */ = {isa = PBXBuildFile; fileRef = 254AF7BE21C8A077003A4574 /* StatisticsDetModel.m */; };
		254AF7C221C8A0E2003A4574 /* MealStatisticsDetModel.m in Sources */ = {isa = PBXBuildFile; fileRef = 254AF7C121C8A0E2003A4574 /* MealStatisticsDetModel.m */; };
		254AF7C521C8A146003A4574 /* MealStatisticsRequest.m in Sources */ = {isa = PBXBuildFile; fileRef = 254AF7C421C8A146003A4574 /* MealStatisticsRequest.m */; };
		254AF7C821C8C4AA003A4574 /* MealStatisticsTableViewCell.m in Sources */ = {isa = PBXBuildFile; fileRef = 254AF7C721C8C4AA003A4574 /* MealStatisticsTableViewCell.m */; };
		254AF7CB21C8E49B003A4574 /* SleepStatisticsDetModel.m in Sources */ = {isa = PBXBuildFile; fileRef = 254AF7CA21C8E49B003A4574 /* SleepStatisticsDetModel.m */; };
		254AF7CE21C8E509003A4574 /* SleepStatisticsRequest.m in Sources */ = {isa = PBXBuildFile; fileRef = 254AF7CD21C8E509003A4574 /* SleepStatisticsRequest.m */; };
		254AF7D121C8ECF3003A4574 /* SleepStatisticsTableViewCell.m in Sources */ = {isa = PBXBuildFile; fileRef = 254AF7D021C8ECF3003A4574 /* SleepStatisticsTableViewCell.m */; };
		2553F5C52182A92500E94CA7 /* MealSituationEditView.m in Sources */ = {isa = PBXBuildFile; fileRef = 2553F5C42182A92500E94CA7 /* MealSituationEditView.m */; };
		2553F5C82182B62C00E94CA7 /* MealSitatusEditTableViewCell.m in Sources */ = {isa = PBXBuildFile; fileRef = 2553F5C72182B62C00E94CA7 /* MealSitatusEditTableViewCell.m */; };
		256775A621ACD10700095AE1 /* HistoryRecordsRequest.m in Sources */ = {isa = PBXBuildFile; fileRef = 256775A521ACD10700095AE1 /* HistoryRecordsRequest.m */; };
		256775A921ACD36800095AE1 /* HistoryRequestManager.m in Sources */ = {isa = PBXBuildFile; fileRef = 256775A821ACD36800095AE1 /* HistoryRequestManager.m */; };
		256775AE21ACD8A200095AE1 /* HistoryTableViewController.m in Sources */ = {isa = PBXBuildFile; fileRef = 256775AB21ACD8A200095AE1 /* HistoryTableViewController.m */; };
		256775AF21ACD8A200095AE1 /* HistoryStartViewController.m in Sources */ = {isa = PBXBuildFile; fileRef = 256775AC21ACD8A200095AE1 /* HistoryStartViewController.m */; };
		256775B221ACE00400095AE1 /* HistorySituationDetTableViewCell.m in Sources */ = {isa = PBXBuildFile; fileRef = 256775B121ACE00400095AE1 /* HistorySituationDetTableViewCell.m */; };
		256AF00821A3A0C600E72143 /* SleepSituationEditTableViewCell.m in Sources */ = {isa = PBXBuildFile; fileRef = 256AF00721A3A0C600E72143 /* SleepSituationEditTableViewCell.m */; };
		256AF00B21A3AFDA00E72143 /* SleepSituation.m in Sources */ = {isa = PBXBuildFile; fileRef = 256AF00A21A3AFDA00E72143 /* SleepSituation.m */; };
		256AF00E21A3D70300E72143 /* TodaySleepSituationListRequest.m in Sources */ = {isa = PBXBuildFile; fileRef = 256AF00D21A3D70300E72143 /* TodaySleepSituationListRequest.m */; };
		256AF01121A3D78500E72143 /* AddSleepSituationRequest.m in Sources */ = {isa = PBXBuildFile; fileRef = 256AF01021A3D78500E72143 /* AddSleepSituationRequest.m */; };
		257162CA21B64CD20051F940 /* TodaySituationViewController.m in Sources */ = {isa = PBXBuildFile; fileRef = 257162C921B64CD20051F940 /* TodaySituationViewController.m */; };
		257CAC0721A78B7A0087FBAE /* SituationRecordModel.m in Sources */ = {isa = PBXBuildFile; fileRef = 257CAC0621A78B7A0087FBAE /* SituationRecordModel.m */; };
		257CAC0A21A78BF80087FBAE /* SituationDetModel.m in Sources */ = {isa = PBXBuildFile; fileRef = 257CAC0921A78BF80087FBAE /* SituationDetModel.m */; };
		257CAC0D21A78C820087FBAE /* SituationModel.m in Sources */ = {isa = PBXBuildFile; fileRef = 257CAC0C21A78C820087FBAE /* SituationModel.m */; };
		258A384921AB7FF1001B3839 /* InterestSituationSelectViewController.m in Sources */ = {isa = PBXBuildFile; fileRef = 258A384821AB7FF1001B3839 /* InterestSituationSelectViewController.m */; };
		258A384C21AB8B15001B3839 /* AddInterestSituationRequest.m in Sources */ = {isa = PBXBuildFile; fileRef = 258A384B21AB8B15001B3839 /* AddInterestSituationRequest.m */; };
		258A384F21AB8CA7001B3839 /* InterestSituation.m in Sources */ = {isa = PBXBuildFile; fileRef = 258A384E21AB8CA7001B3839 /* InterestSituation.m */; };
		258A385221AB9311001B3839 /* TodayInterestSituationsRequest.m in Sources */ = {isa = PBXBuildFile; fileRef = 258A385121AB9311001B3839 /* TodayInterestSituationsRequest.m */; };
		258A385521AB9650001B3839 /* TodayInterestSituationTableViewCell.m in Sources */ = {isa = PBXBuildFile; fileRef = 258A385421AB9650001B3839 /* TodayInterestSituationTableViewCell.m */; };
		258A386421AC0C41001B3839 /* DailySituationModel.m in Sources */ = {isa = PBXBuildFile; fileRef = 258A386321AC0C41001B3839 /* DailySituationModel.m */; };
		258A386721AC0C6C001B3839 /* SituationHistoryDetModel.m in Sources */ = {isa = PBXBuildFile; fileRef = 258A386621AC0C6C001B3839 /* SituationHistoryDetModel.m */; };
		258A386A21AC0CBE001B3839 /* MealHistoryDetModel.m in Sources */ = {isa = PBXBuildFile; fileRef = 258A386921AC0CBE001B3839 /* MealHistoryDetModel.m */; };
		258A386D21AC0D46001B3839 /* SleepHistoryDetModel.m in Sources */ = {isa = PBXBuildFile; fileRef = 258A386C21AC0D46001B3839 /* SleepHistoryDetModel.m */; };
		258A387021AC0D7A001B3839 /* InterestHistoryDetModel.m in Sources */ = {isa = PBXBuildFile; fileRef = 258A386F21AC0D7A001B3839 /* InterestHistoryDetModel.m */; };
		25A54C0E21C9DD1B00E8DE8C /* InterestStatisticsDetModel.m in Sources */ = {isa = PBXBuildFile; fileRef = 25A54C0D21C9DD1B00E8DE8C /* InterestStatisticsDetModel.m */; };
		25A54C1121C9E5DE00E8DE8C /* InterestStatisticsRequest.m in Sources */ = {isa = PBXBuildFile; fileRef = 25A54C1021C9E5DE00E8DE8C /* InterestStatisticsRequest.m */; };
		25A54C1421C9ECC600E8DE8C /* InterestStatisticsTableViewCell.m in Sources */ = {isa = PBXBuildFile; fileRef = 25A54C1321C9ECC600E8DE8C /* InterestStatisticsTableViewCell.m */; };
		25A54C1921CA18D500E8DE8C /* PersonStartViewController.m in Sources */ = {isa = PBXBuildFile; fileRef = 25A54C1821CA18D500E8DE8C /* PersonStartViewController.m */; };
		25A54C1C21CA190500E8DE8C /* PersonHeaderView.m in Sources */ = {isa = PBXBuildFile; fileRef = 25A54C1B21CA190500E8DE8C /* PersonHeaderView.m */; };
		25A54C1F21CA255B00E8DE8C /* PersonKidInfoView.m in Sources */ = {isa = PBXBuildFile; fileRef = 25A54C1E21CA255B00E8DE8C /* PersonKidInfoView.m */; };
		25B80240218AFBD200B13113 /* UserLoginRequest.m in Sources */ = {isa = PBXBuildFile; fileRef = 25B8023F218AFBD200B13113 /* UserLoginRequest.m */; };
		25B80243218AFC9F00B13113 /* UserRequestUtil.m in Sources */ = {isa = PBXBuildFile; fileRef = 25B80242218AFC9F00B13113 /* UserRequestUtil.m */; };
		25B80246218B3EE500B13113 /* UserInfoRequest.m in Sources */ = {isa = PBXBuildFile; fileRef = 25B80245218B3EE500B13113 /* UserInfoRequest.m */; };
		25B80249218B49B600B13113 /* HttpRequestUrlUtil.m in Sources */ = {isa = PBXBuildFile; fileRef = 25B80248218B49B600B13113 /* HttpRequestUrlUtil.m */; };
		25D771A221C73D43003A1E3E /* KidInfoReqeust.m in Sources */ = {isa = PBXBuildFile; fileRef = 25D771A121C73D43003A1E3E /* KidInfoReqeust.m */; };
		25D771A521C73D7F003A1E3E /* KidInfoModel.m in Sources */ = {isa = PBXBuildFile; fileRef = 25D771A421C73D7F003A1E3E /* KidInfoModel.m */; };
		25D771A921C78968003A1E3E /* BasePageViewController.m in Sources */ = {isa = PBXBuildFile; fileRef = 25D771A821C78968003A1E3E /* BasePageViewController.m */; };
		25D771AC21C78D69003A1E3E /* StatisticStartViewController.m in Sources */ = {isa = PBXBuildFile; fileRef = 25D771AB21C78D69003A1E3E /* StatisticStartViewController.m */; };
		25D771AF21C78D89003A1E3E /* StatisticsPageManager.m in Sources */ = {isa = PBXBuildFile; fileRef = 25D771AE21C78D89003A1E3E /* StatisticsPageManager.m */; };
		25D771B221C7901D003A1E3E /* StatisticsModel.m in Sources */ = {isa = PBXBuildFile; fileRef = 25D771B121C7901D003A1E3E /* StatisticsModel.m */; };
		25D771B521C7905F003A1E3E /* TotalStatisticsRequest.m in Sources */ = {isa = PBXBuildFile; fileRef = 25D771B421C7905F003A1E3E /* TotalStatisticsRequest.m */; };
		25D771B821C791CC003A1E3E /* StatisticsStartTableViewController.m in Sources */ = {isa = PBXBuildFile; fileRef = 25D771B721C791CC003A1E3E /* StatisticsStartTableViewController.m */; };
		25D771BB21C79982003A1E3E /* StatisticsStartTableViewCell.m in Sources */ = {isa = PBXBuildFile; fileRef = 25D771BA21C79982003A1E3E /* StatisticsStartTableViewCell.m */; };
		25F7CFC421817733001C19A3 /* UserList.plist in Resources */ = {isa = PBXBuildFile; fileRef = 25F7CFC321817733001C19A3 /* UserList.plist */; };
		25F7CFCC21819896001C19A3 /* MainStartViewController.m in Sources */ = {isa = PBXBuildFile; fileRef = 25F7CFCB21819895001C19A3 /* MainStartViewController.m */; };
		25F7CFCF2181A2CC001C19A3 /* BaseNavigationController.m in Sources */ = {isa = PBXBuildFile; fileRef = 25F7CFCE2181A2CC001C19A3 /* BaseNavigationController.m */; };
		25F7CFD42181AB3C001C19A3 /* TodayStartViewController.m in Sources */ = {isa = PBXBuildFile; fileRef = 25F7CFD32181AB3C001C19A3 /* TodayStartViewController.m */; };
		25F7CFDA2181AD6B001C19A3 /* TagView.m in Sources */ = {isa = PBXBuildFile; fileRef = 25F7CFD62181AD6B001C19A3 /* TagView.m */; };
		25F7CFDB2181AD6B001C19A3 /* TagViewController.m in Sources */ = {isa = PBXBuildFile; fileRef = 25F7CFD92181AD6B001C19A3 /* TagViewController.m */; };
		25F7CFDF2181AEAD001C19A3 /* MealSituationStartViewController.m in Sources */ = {isa = PBXBuildFile; fileRef = 25F7CFDE2181AEAD001C19A3 /* MealSituationStartViewController.m */; };
		25F7CFE52181AF1B001C19A3 /* SleepSituationStartViewController.m in Sources */ = {isa = PBXBuildFile; fileRef = 25F7CFE42181AF1B001C19A3 /* SleepSituationStartViewController.m */; };
		25F7CFEB2181AF66001C19A3 /* GeneralSituationStartCommonViewController.m in Sources */ = {isa = PBXBuildFile; fileRef = 25F7CFEA2181AF66001C19A3 /* GeneralSituationStartCommonViewController.m */; };
		25F7CFEF2181BE3B001C19A3 /* RadioButton.m in Sources */ = {isa = PBXBuildFile; fileRef = 25F7CFEE2181BE3B001C19A3 /* RadioButton.m */; };
		25F7CFF22181BFEB001C19A3 /* RadioGroup.m in Sources */ = {isa = PBXBuildFile; fileRef = 25F7CFF12181BFEB001C19A3 /* RadioGroup.m */; };
		25FAA35821801D48006C8588 /* UIImage+ShapeExt.m in Sources */ = {isa = PBXBuildFile; fileRef = 25FAA35721801D48006C8588 /* UIImage+ShapeExt.m */; };
		25FAA35B21802025006C8588 /* NSObject+AlertExt.m in Sources */ = {isa = PBXBuildFile; fileRef = 25FAA35A21802025006C8588 /* NSObject+AlertExt.m */; };
		25FAA35E2180248E006C8588 /* UserModel.m in Sources */ = {isa = PBXBuildFile; fileRef = 25FAA35D2180248E006C8588 /* UserModel.m */; };
		25FE9A2321B772F200FDF663 /* DatePickerViewController.m in Sources */ = {isa = PBXBuildFile; fileRef = 25FE9A2221B772F200FDF663 /* DatePickerViewController.m */; };
		25FE9A2821B7AE9500FDF663 /* HistoryTypeSelectViewController.m in Sources */ = {isa = PBXBuildFile; fileRef = 25FE9A2721B7AE9500FDF663 /* HistoryTypeSelectViewController.m */; };
		25FE9A2B21B7AF4400FDF663 /* HistoryTypeModel.m in Sources */ = {isa = PBXBuildFile; fileRef = 25FE9A2A21B7AF4400FDF663 /* HistoryTypeModel.m */; };
/* End PBXBuildFile section */

/* Begin PBXFileReference section */
		14575877C4509DB436210A58 /* Pods-CherryGrow.debug.xcconfig */ = {isa = PBXFileReference; includeInIndex = 1; lastKnownFileType = text.xcconfig; name = "Pods-CherryGrow.debug.xcconfig"; path = "Pods/Target Support Files/Pods-CherryGrow/Pods-CherryGrow.debug.xcconfig"; sourceTree = "<group>"; };
		250E453D21A2625500BEEC58 /* MealSituation.h */ = {isa = PBXFileReference; lastKnownFileType = sourcecode.c.h; path = MealSituation.h; sourceTree = "<group>"; };
		250E453E21A2625500BEEC58 /* MealSituation.m */ = {isa = PBXFileReference; lastKnownFileType = sourcecode.c.objc; path = MealSituation.m; sourceTree = "<group>"; };
		250E454121A262FD00BEEC58 /* TodayMealSituationListRequest.h */ = {isa = PBXFileReference; lastKnownFileType = sourcecode.c.h; path = TodayMealSituationListRequest.h; sourceTree = "<group>"; };
		250E454221A262FD00BEEC58 /* TodayMealSituationListRequest.m */ = {isa = PBXFileReference; lastKnownFileType = sourcecode.c.objc; path = TodayMealSituationListRequest.m; sourceTree = "<group>"; };
		250E454521A2649600BEEC58 /* MealSituationUtil.h */ = {isa = PBXFileReference; lastKnownFileType = sourcecode.c.h; path = MealSituationUtil.h; sourceTree = "<group>"; };
		250E454621A2649600BEEC58 /* MealSituationUtil.m */ = {isa = PBXFileReference; lastKnownFileType = sourcecode.c.objc; path = MealSituationUtil.m; sourceTree = "<group>"; };
		250E454821A2652000BEEC58 /* SituationRequestManager.h */ = {isa = PBXFileReference; lastKnownFileType = sourcecode.c.h; path = SituationRequestManager.h; sourceTree = "<group>"; };
		250E454921A2652000BEEC58 /* SituationRequestManager.m */ = {isa = PBXFileReference; lastKnownFileType = sourcecode.c.objc; path = SituationRequestManager.m; sourceTree = "<group>"; };
		250E454B21A286A100BEEC58 /* AddMealSituationRequest.h */ = {isa = PBXFileReference; lastKnownFileType = sourcecode.c.h; path = AddMealSituationRequest.h; sourceTree = "<group>"; };
		250E454C21A286A100BEEC58 /* AddMealSituationRequest.m */ = {isa = PBXFileReference; lastKnownFileType = sourcecode.c.objc; path = AddMealSituationRequest.m; sourceTree = "<group>"; };
		250E454E21A2A9B800BEEC58 /* MealSituationEditDelegate.h */ = {isa = PBXFileReference; lastKnownFileType = sourcecode.c.h; path = MealSituationEditDelegate.h; sourceTree = "<group>"; };
		2531939421A5544D0014A23A /* InterestSituationStartViewController.h */ = {isa = PBXFileReference; fileEncoding = 4; lastKnownFileType = sourcecode.c.h; path = InterestSituationStartViewController.h; sourceTree = "<group>"; };
		2531939521A5544D0014A23A /* InterestSituationStartViewController.m */ = {isa = PBXFileReference; fileEncoding = 4; lastKnownFileType = sourcecode.c.objc; path = InterestSituationStartViewController.m; sourceTree = "<group>"; };
		2531939721A556E70014A23A /* PopViewController.h */ = {isa = PBXFileReference; lastKnownFileType = sourcecode.c.h; path = PopViewController.h; sourceTree = "<group>"; };
		2531939821A556E70014A23A /* PopViewController.m */ = {isa = PBXFileReference; lastKnownFileType = sourcecode.c.objc; path = PopViewController.m; sourceTree = "<group>"; };
		2531939A21A5581F0014A23A /* InterestCateSelectViewController.h */ = {isa = PBXFileReference; lastKnownFileType = sourcecode.c.h; path = InterestCateSelectViewController.h; sourceTree = "<group>"; };
		2531939B21A5581F0014A23A /* InterestCateSelectViewController.m */ = {isa = PBXFileReference; lastKnownFileType = sourcecode.c.objc; path = InterestCateSelectViewController.m; sourceTree = "<group>"; };
		2531939D21A55AE10014A23A /* InterestCatesReqeust.h */ = {isa = PBXFileReference; lastKnownFileType = sourcecode.c.h; path = InterestCatesReqeust.h; sourceTree = "<group>"; };
		2531939E21A55AE10014A23A /* InterestCatesReqeust.m */ = {isa = PBXFileReference; lastKnownFileType = sourcecode.c.objc; path = InterestCatesReqeust.m; sourceTree = "<group>"; };
		253193A021A55B210014A23A /* InterestCateModel.h */ = {isa = PBXFileReference; lastKnownFileType = sourcecode.c.h; path = InterestCateModel.h; sourceTree = "<group>"; };
		253193A121A55B210014A23A /* InterestCateModel.m */ = {isa = PBXFileReference; lastKnownFileType = sourcecode.c.objc; path = InterestCateModel.m; sourceTree = "<group>"; };
		253C5524217FFFC200BC3DDB /* CherryGrow.app */ = {isa = PBXFileReference; explicitFileType = wrapper.application; includeInIndex = 0; path = CherryGrow.app; sourceTree = BUILT_PRODUCTS_DIR; };
		253C5527217FFFC200BC3DDB /* AppDelegate.h */ = {isa = PBXFileReference; lastKnownFileType = sourcecode.c.h; path = AppDelegate.h; sourceTree = "<group>"; };
		253C5528217FFFC200BC3DDB /* AppDelegate.m */ = {isa = PBXFileReference; lastKnownFileType = sourcecode.c.objc; path = AppDelegate.m; sourceTree = "<group>"; };
		253C552E217FFFC200BC3DDB /* Base */ = {isa = PBXFileReference; lastKnownFileType = file.storyboard; name = Base; path = Base.lproj/Main.storyboard; sourceTree = "<group>"; };
		253C5530217FFFC200BC3DDB /* Assets.xcassets */ = {isa = PBXFileReference; lastKnownFileType = folder.assetcatalog; path = Assets.xcassets; sourceTree = "<group>"; };
		253C5533217FFFC200BC3DDB /* Base */ = {isa = PBXFileReference; lastKnownFileType = file.storyboard; name = Base; path = Base.lproj/LaunchScreen.storyboard; sourceTree = "<group>"; };
		253C5535217FFFC200BC3DDB /* Info.plist */ = {isa = PBXFileReference; lastKnownFileType = text.plist.xml; path = Info.plist; sourceTree = "<group>"; };
		253C5536217FFFC200BC3DDB /* main.m */ = {isa = PBXFileReference; lastKnownFileType = sourcecode.c.objc; path = main.m; sourceTree = "<group>"; };
		253C55412180015D00BC3DDB /* NSObject+RootControllerExt.h */ = {isa = PBXFileReference; lastKnownFileType = sourcecode.c.h; path = "NSObject+RootControllerExt.h"; sourceTree = "<group>"; };
		253C55422180015D00BC3DDB /* NSObject+RootControllerExt.m */ = {isa = PBXFileReference; lastKnownFileType = sourcecode.c.objc; path = "NSObject+RootControllerExt.m"; sourceTree = "<group>"; };
		253C55442180018100BC3DDB /* CGCommonInc.h */ = {isa = PBXFileReference; lastKnownFileType = sourcecode.c.h; path = CGCommonInc.h; sourceTree = "<group>"; };
		253C55462180020600BC3DDB /* PrefixHeader.pch */ = {isa = PBXFileReference; lastKnownFileType = sourcecode.c.h; path = PrefixHeader.pch; sourceTree = "<group>"; };
		253C5547218002BB00BC3DDB /* PageViewControllerManager.h */ = {isa = PBXFileReference; lastKnownFileType = sourcecode.c.h; path = PageViewControllerManager.h; sourceTree = "<group>"; };
		253C5548218002BB00BC3DDB /* PageViewControllerManager.m */ = {isa = PBXFileReference; lastKnownFileType = sourcecode.c.objc; path = PageViewControllerManager.m; sourceTree = "<group>"; };
		253C554A218002E900BC3DDB /* InitializationViewController.h */ = {isa = PBXFileReference; lastKnownFileType = sourcecode.c.h; path = InitializationViewController.h; sourceTree = "<group>"; };
		253C554B218002E900BC3DDB /* InitializationViewController.m */ = {isa = PBXFileReference; lastKnownFileType = sourcecode.c.objc; path = InitializationViewController.m; sourceTree = "<group>"; };
		253C554E2180039F00BC3DDB /* InitializationUtil.h */ = {isa = PBXFileReference; lastKnownFileType = sourcecode.c.h; path = InitializationUtil.h; sourceTree = "<group>"; };
		253C554F2180039F00BC3DDB /* InitializationUtil.m */ = {isa = PBXFileReference; lastKnownFileType = sourcecode.c.objc; path = InitializationUtil.m; sourceTree = "<group>"; };
		253C55552180066F00BC3DDB /* UserAccountModel.h */ = {isa = PBXFileReference; lastKnownFileType = sourcecode.c.h; path = UserAccountModel.h; sourceTree = "<group>"; };
		253C55562180066F00BC3DDB /* UserAccountModel.m */ = {isa = PBXFileReference; lastKnownFileType = sourcecode.c.objc; path = UserAccountModel.m; sourceTree = "<group>"; };
		253C55582180070C00BC3DDB /* UserUtil.h */ = {isa = PBXFileReference; lastKnownFileType = sourcecode.c.h; path = UserUtil.h; sourceTree = "<group>"; };
		253C55592180070C00BC3DDB /* UserUtil.m */ = {isa = PBXFileReference; lastKnownFileType = sourcecode.c.objc; path = UserUtil.m; sourceTree = "<group>"; };
		253C555C218008DF00BC3DDB /* UserDefaults.h */ = {isa = PBXFileReference; lastKnownFileType = sourcecode.c.h; path = UserDefaults.h; sourceTree = "<group>"; };
		253C555D218008DF00BC3DDB /* UserDefaults.m */ = {isa = PBXFileReference; lastKnownFileType = sourcecode.c.objc; path = UserDefaults.m; sourceTree = "<group>"; };
		253C55642180104300BC3DDB /* UIView+SubViewExt.h */ = {isa = PBXFileReference; lastKnownFileType = sourcecode.c.h; path = "UIView+SubViewExt.h"; sourceTree = "<group>"; };
		253C55652180104300BC3DDB /* UIView+SubViewExt.m */ = {isa = PBXFileReference; lastKnownFileType = sourcecode.c.objc; path = "UIView+SubViewExt.m"; sourceTree = "<group>"; };
		253C55672180108500BC3DDB /* UIViewController+SubViewExt.h */ = {isa = PBXFileReference; lastKnownFileType = sourcecode.c.h; path = "UIViewController+SubViewExt.h"; sourceTree = "<group>"; };
		253C55682180108500BC3DDB /* UIViewController+SubViewExt.m */ = {isa = PBXFileReference; lastKnownFileType = sourcecode.c.objc; path = "UIViewController+SubViewExt.m"; sourceTree = "<group>"; };
		253C556A218010B900BC3DDB /* UIView+BoarderExt.h */ = {isa = PBXFileReference; lastKnownFileType = sourcecode.c.h; path = "UIView+BoarderExt.h"; sourceTree = "<group>"; };
		253C556B218010B900BC3DDB /* UIView+BoarderExt.m */ = {isa = PBXFileReference; lastKnownFileType = sourcecode.c.objc; path = "UIView+BoarderExt.m"; sourceTree = "<group>"; };
		253C556D218011B000BC3DDB /* UIColor+StandardExt.h */ = {isa = PBXFileReference; lastKnownFileType = sourcecode.c.h; path = "UIColor+StandardExt.h"; sourceTree = "<group>"; };
		253C556E218011B000BC3DDB /* UIColor+StandardExt.m */ = {isa = PBXFileReference; lastKnownFileType = sourcecode.c.objc; path = "UIColor+StandardExt.m"; sourceTree = "<group>"; };
		253C55712180128000BC3DDB /* UserLoginViewController.h */ = {isa = PBXFileReference; fileEncoding = 4; lastKnownFileType = sourcecode.c.h; path = UserLoginViewController.h; sourceTree = "<group>"; };
		253C55722180128000BC3DDB /* UserLoginViewController.m */ = {isa = PBXFileReference; fileEncoding = 4; lastKnownFileType = sourcecode.c.objc; path = UserLoginViewController.m; sourceTree = "<group>"; };
		254AF7B121C89120003A4574 /* StatisticsViewController.h */ = {isa = PBXFileReference; lastKnownFileType = sourcecode.c.h; path = StatisticsViewController.h; sourceTree = "<group>"; };
		254AF7B221C89120003A4574 /* StatisticsViewController.m */ = {isa = PBXFileReference; lastKnownFileType = sourcecode.c.objc; path = StatisticsViewController.m; sourceTree = "<group>"; };
		254AF7B421C896DA003A4574 /* MealStatisticsViewController.h */ = {isa = PBXFileReference; lastKnownFileType = sourcecode.c.h; path = MealStatisticsViewController.h; sourceTree = "<group>"; };
		254AF7B521C896DA003A4574 /* MealStatisticsViewController.m */ = {isa = PBXFileReference; lastKnownFileType = sourcecode.c.objc; path = MealStatisticsViewController.m; sourceTree = "<group>"; };
		254AF7B721C89706003A4574 /* SleepStatisticsViewController.h */ = {isa = PBXFileReference; lastKnownFileType = sourcecode.c.h; path = SleepStatisticsViewController.h; sourceTree = "<group>"; };
		254AF7B821C89706003A4574 /* SleepStatisticsViewController.m */ = {isa = PBXFileReference; lastKnownFileType = sourcecode.c.objc; path = SleepStatisticsViewController.m; sourceTree = "<group>"; };
		254AF7BA21C89718003A4574 /* InterestStatisticViewController.h */ = {isa = PBXFileReference; lastKnownFileType = sourcecode.c.h; path = InterestStatisticViewController.h; sourceTree = "<group>"; };
		254AF7BB21C89718003A4574 /* InterestStatisticViewController.m */ = {isa = PBXFileReference; lastKnownFileType = sourcecode.c.objc; path = InterestStatisticViewController.m; sourceTree = "<group>"; };
		254AF7BD21C8A077003A4574 /* StatisticsDetModel.h */ = {isa = PBXFileReference; lastKnownFileType = sourcecode.c.h; path = StatisticsDetModel.h; sourceTree = "<group>"; };
		254AF7BE21C8A077003A4574 /* StatisticsDetModel.m */ = {isa = PBXFileReference; lastKnownFileType = sourcecode.c.objc; path = StatisticsDetModel.m; sourceTree = "<group>"; };
		254AF7C021C8A0E2003A4574 /* MealStatisticsDetModel.h */ = {isa = PBXFileReference; lastKnownFileType = sourcecode.c.h; path = MealStatisticsDetModel.h; sourceTree = "<group>"; };
		254AF7C121C8A0E2003A4574 /* MealStatisticsDetModel.m */ = {isa = PBXFileReference; lastKnownFileType = sourcecode.c.objc; path = MealStatisticsDetModel.m; sourceTree = "<group>"; };
		254AF7C321C8A146003A4574 /* MealStatisticsRequest.h */ = {isa = PBXFileReference; lastKnownFileType = sourcecode.c.h; path = MealStatisticsRequest.h; sourceTree = "<group>"; };
		254AF7C421C8A146003A4574 /* MealStatisticsRequest.m */ = {isa = PBXFileReference; lastKnownFileType = sourcecode.c.objc; path = MealStatisticsRequest.m; sourceTree = "<group>"; };
		254AF7C621C8C4AA003A4574 /* MealStatisticsTableViewCell.h */ = {isa = PBXFileReference; lastKnownFileType = sourcecode.c.h; path = MealStatisticsTableViewCell.h; sourceTree = "<group>"; };
		254AF7C721C8C4AA003A4574 /* MealStatisticsTableViewCell.m */ = {isa = PBXFileReference; lastKnownFileType = sourcecode.c.objc; path = MealStatisticsTableViewCell.m; sourceTree = "<group>"; };
		254AF7C921C8E49B003A4574 /* SleepStatisticsDetModel.h */ = {isa = PBXFileReference; lastKnownFileType = sourcecode.c.h; path = SleepStatisticsDetModel.h; sourceTree = "<group>"; };
		254AF7CA21C8E49B003A4574 /* SleepStatisticsDetModel.m */ = {isa = PBXFileReference; lastKnownFileType = sourcecode.c.objc; path = SleepStatisticsDetModel.m; sourceTree = "<group>"; };
		254AF7CC21C8E509003A4574 /* SleepStatisticsRequest.h */ = {isa = PBXFileReference; lastKnownFileType = sourcecode.c.h; path = SleepStatisticsRequest.h; sourceTree = "<group>"; };
		254AF7CD21C8E509003A4574 /* SleepStatisticsRequest.m */ = {isa = PBXFileReference; lastKnownFileType = sourcecode.c.objc; path = SleepStatisticsRequest.m; sourceTree = "<group>"; };
		254AF7CF21C8ECF3003A4574 /* SleepStatisticsTableViewCell.h */ = {isa = PBXFileReference; lastKnownFileType = sourcecode.c.h; path = SleepStatisticsTableViewCell.h; sourceTree = "<group>"; };
		254AF7D021C8ECF3003A4574 /* SleepStatisticsTableViewCell.m */ = {isa = PBXFileReference; lastKnownFileType = sourcecode.c.objc; path = SleepStatisticsTableViewCell.m; sourceTree = "<group>"; };
		2553F5C32182A92500E94CA7 /* MealSituationEditView.h */ = {isa = PBXFileReference; lastKnownFileType = sourcecode.c.h; path = MealSituationEditView.h; sourceTree = "<group>"; };
		2553F5C42182A92500E94CA7 /* MealSituationEditView.m */ = {isa = PBXFileReference; lastKnownFileType = sourcecode.c.objc; path = MealSituationEditView.m; sourceTree = "<group>"; };
		2553F5C62182B62C00E94CA7 /* MealSitatusEditTableViewCell.h */ = {isa = PBXFileReference; lastKnownFileType = sourcecode.c.h; path = MealSitatusEditTableViewCell.h; sourceTree = "<group>"; };
		2553F5C72182B62C00E94CA7 /* MealSitatusEditTableViewCell.m */ = {isa = PBXFileReference; lastKnownFileType = sourcecode.c.objc; path = MealSitatusEditTableViewCell.m; sourceTree = "<group>"; };
		256775A421ACD10700095AE1 /* HistoryRecordsRequest.h */ = {isa = PBXFileReference; lastKnownFileType = sourcecode.c.h; path = HistoryRecordsRequest.h; sourceTree = "<group>"; };
		256775A521ACD10700095AE1 /* HistoryRecordsRequest.m */ = {isa = PBXFileReference; lastKnownFileType = sourcecode.c.objc; path = HistoryRecordsRequest.m; sourceTree = "<group>"; };
		256775A721ACD36800095AE1 /* HistoryRequestManager.h */ = {isa = PBXFileReference; lastKnownFileType = sourcecode.c.h; path = HistoryRequestManager.h; sourceTree = "<group>"; };
		256775A821ACD36800095AE1 /* HistoryRequestManager.m */ = {isa = PBXFileReference; lastKnownFileType = sourcecode.c.objc; path = HistoryRequestManager.m; sourceTree = "<group>"; };
		256775AA21ACD8A200095AE1 /* HistoryTableViewController.h */ = {isa = PBXFileReference; fileEncoding = 4; lastKnownFileType = sourcecode.c.h; path = HistoryTableViewController.h; sourceTree = "<group>"; };
		256775AB21ACD8A200095AE1 /* HistoryTableViewController.m */ = {isa = PBXFileReference; fileEncoding = 4; lastKnownFileType = sourcecode.c.objc; path = HistoryTableViewController.m; sourceTree = "<group>"; };
		256775AC21ACD8A200095AE1 /* HistoryStartViewController.m */ = {isa = PBXFileReference; fileEncoding = 4; lastKnownFileType = sourcecode.c.objc; path = HistoryStartViewController.m; sourceTree = "<group>"; };
		256775AD21ACD8A200095AE1 /* HistoryStartViewController.h */ = {isa = PBXFileReference; fileEncoding = 4; lastKnownFileType = sourcecode.c.h; path = HistoryStartViewController.h; sourceTree = "<group>"; };
		256775B021ACE00400095AE1 /* HistorySituationDetTableViewCell.h */ = {isa = PBXFileReference; lastKnownFileType = sourcecode.c.h; path = HistorySituationDetTableViewCell.h; sourceTree = "<group>"; };
		256775B121ACE00400095AE1 /* HistorySituationDetTableViewCell.m */ = {isa = PBXFileReference; lastKnownFileType = sourcecode.c.objc; path = HistorySituationDetTableViewCell.m; sourceTree = "<group>"; };
		256AF00621A3A0C600E72143 /* SleepSituationEditTableViewCell.h */ = {isa = PBXFileReference; lastKnownFileType = sourcecode.c.h; path = SleepSituationEditTableViewCell.h; sourceTree = "<group>"; };
		256AF00721A3A0C600E72143 /* SleepSituationEditTableViewCell.m */ = {isa = PBXFileReference; lastKnownFileType = sourcecode.c.objc; path = SleepSituationEditTableViewCell.m; sourceTree = "<group>"; };
		256AF00921A3AFDA00E72143 /* SleepSituation.h */ = {isa = PBXFileReference; lastKnownFileType = sourcecode.c.h; path = SleepSituation.h; sourceTree = "<group>"; };
		256AF00A21A3AFDA00E72143 /* SleepSituation.m */ = {isa = PBXFileReference; lastKnownFileType = sourcecode.c.objc; path = SleepSituation.m; sourceTree = "<group>"; };
		256AF00C21A3D70300E72143 /* TodaySleepSituationListRequest.h */ = {isa = PBXFileReference; lastKnownFileType = sourcecode.c.h; path = TodaySleepSituationListRequest.h; sourceTree = "<group>"; };
		256AF00D21A3D70300E72143 /* TodaySleepSituationListRequest.m */ = {isa = PBXFileReference; lastKnownFileType = sourcecode.c.objc; path = TodaySleepSituationListRequest.m; sourceTree = "<group>"; };
		256AF00F21A3D78500E72143 /* AddSleepSituationRequest.h */ = {isa = PBXFileReference; lastKnownFileType = sourcecode.c.h; path = AddSleepSituationRequest.h; sourceTree = "<group>"; };
		256AF01021A3D78500E72143 /* AddSleepSituationRequest.m */ = {isa = PBXFileReference; lastKnownFileType = sourcecode.c.objc; path = AddSleepSituationRequest.m; sourceTree = "<group>"; };
		257162C821B64CD20051F940 /* TodaySituationViewController.h */ = {isa = PBXFileReference; lastKnownFileType = sourcecode.c.h; path = TodaySituationViewController.h; sourceTree = "<group>"; };
		257162C921B64CD20051F940 /* TodaySituationViewController.m */ = {isa = PBXFileReference; lastKnownFileType = sourcecode.c.objc; path = TodaySituationViewController.m; sourceTree = "<group>"; };
		257CAC0521A78B7A0087FBAE /* SituationRecordModel.h */ = {isa = PBXFileReference; lastKnownFileType = sourcecode.c.h; path = SituationRecordModel.h; sourceTree = "<group>"; };
		257CAC0621A78B7A0087FBAE /* SituationRecordModel.m */ = {isa = PBXFileReference; lastKnownFileType = sourcecode.c.objc; path = SituationRecordModel.m; sourceTree = "<group>"; };
		257CAC0821A78BF80087FBAE /* SituationDetModel.h */ = {isa = PBXFileReference; lastKnownFileType = sourcecode.c.h; path = SituationDetModel.h; sourceTree = "<group>"; };
		257CAC0921A78BF80087FBAE /* SituationDetModel.m */ = {isa = PBXFileReference; lastKnownFileType = sourcecode.c.objc; path = SituationDetModel.m; sourceTree = "<group>"; };
		257CAC0B21A78C820087FBAE /* SituationModel.h */ = {isa = PBXFileReference; lastKnownFileType = sourcecode.c.h; path = SituationModel.h; sourceTree = "<group>"; };
		257CAC0C21A78C820087FBAE /* SituationModel.m */ = {isa = PBXFileReference; lastKnownFileType = sourcecode.c.objc; path = SituationModel.m; sourceTree = "<group>"; };
		258A384721AB7FF1001B3839 /* InterestSituationSelectViewController.h */ = {isa = PBXFileReference; lastKnownFileType = sourcecode.c.h; path = InterestSituationSelectViewController.h; sourceTree = "<group>"; };
		258A384821AB7FF1001B3839 /* InterestSituationSelectViewController.m */ = {isa = PBXFileReference; lastKnownFileType = sourcecode.c.objc; path = InterestSituationSelectViewController.m; sourceTree = "<group>"; };
		258A384A21AB8B15001B3839 /* AddInterestSituationRequest.h */ = {isa = PBXFileReference; lastKnownFileType = sourcecode.c.h; path = AddInterestSituationRequest.h; sourceTree = "<group>"; };
		258A384B21AB8B15001B3839 /* AddInterestSituationRequest.m */ = {isa = PBXFileReference; lastKnownFileType = sourcecode.c.objc; path = AddInterestSituationRequest.m; sourceTree = "<group>"; };
		258A384D21AB8CA7001B3839 /* InterestSituation.h */ = {isa = PBXFileReference; lastKnownFileType = sourcecode.c.h; path = InterestSituation.h; sourceTree = "<group>"; };
		258A384E21AB8CA7001B3839 /* InterestSituation.m */ = {isa = PBXFileReference; lastKnownFileType = sourcecode.c.objc; path = InterestSituation.m; sourceTree = "<group>"; };
		258A385021AB9311001B3839 /* TodayInterestSituationsRequest.h */ = {isa = PBXFileReference; lastKnownFileType = sourcecode.c.h; path = TodayInterestSituationsRequest.h; sourceTree = "<group>"; };
		258A385121AB9311001B3839 /* TodayInterestSituationsRequest.m */ = {isa = PBXFileReference; lastKnownFileType = sourcecode.c.objc; path = TodayInterestSituationsRequest.m; sourceTree = "<group>"; };
		258A385321AB9650001B3839 /* TodayInterestSituationTableViewCell.h */ = {isa = PBXFileReference; lastKnownFileType = sourcecode.c.h; path = TodayInterestSituationTableViewCell.h; sourceTree = "<group>"; };
		258A385421AB9650001B3839 /* TodayInterestSituationTableViewCell.m */ = {isa = PBXFileReference; lastKnownFileType = sourcecode.c.objc; path = TodayInterestSituationTableViewCell.m; sourceTree = "<group>"; };
		258A386221AC0C41001B3839 /* DailySituationModel.h */ = {isa = PBXFileReference; lastKnownFileType = sourcecode.c.h; path = DailySituationModel.h; sourceTree = "<group>"; };
		258A386321AC0C41001B3839 /* DailySituationModel.m */ = {isa = PBXFileReference; lastKnownFileType = sourcecode.c.objc; path = DailySituationModel.m; sourceTree = "<group>"; };
		258A386521AC0C6C001B3839 /* SituationHistoryDetModel.h */ = {isa = PBXFileReference; lastKnownFileType = sourcecode.c.h; path = SituationHistoryDetModel.h; sourceTree = "<group>"; };
		258A386621AC0C6C001B3839 /* SituationHistoryDetModel.m */ = {isa = PBXFileReference; lastKnownFileType = sourcecode.c.objc; path = SituationHistoryDetModel.m; sourceTree = "<group>"; };
		258A386821AC0CBE001B3839 /* MealHistoryDetModel.h */ = {isa = PBXFileReference; lastKnownFileType = sourcecode.c.h; path = MealHistoryDetModel.h; sourceTree = "<group>"; };
		258A386921AC0CBE001B3839 /* MealHistoryDetModel.m */ = {isa = PBXFileReference; lastKnownFileType = sourcecode.c.objc; path = MealHistoryDetModel.m; sourceTree = "<group>"; };
		258A386B21AC0D46001B3839 /* SleepHistoryDetModel.h */ = {isa = PBXFileReference; lastKnownFileType = sourcecode.c.h; path = SleepHistoryDetModel.h; sourceTree = "<group>"; };
		258A386C21AC0D46001B3839 /* SleepHistoryDetModel.m */ = {isa = PBXFileReference; lastKnownFileType = sourcecode.c.objc; path = SleepHistoryDetModel.m; sourceTree = "<group>"; };
		258A386E21AC0D7A001B3839 /* InterestHistoryDetModel.h */ = {isa = PBXFileReference; lastKnownFileType = sourcecode.c.h; path = InterestHistoryDetModel.h; sourceTree = "<group>"; };
		258A386F21AC0D7A001B3839 /* InterestHistoryDetModel.m */ = {isa = PBXFileReference; lastKnownFileType = sourcecode.c.objc; path = InterestHistoryDetModel.m; sourceTree = "<group>"; };
		25A54C0C21C9DD1B00E8DE8C /* InterestStatisticsDetModel.h */ = {isa = PBXFileReference; lastKnownFileType = sourcecode.c.h; path = InterestStatisticsDetModel.h; sourceTree = "<group>"; };
		25A54C0D21C9DD1B00E8DE8C /* InterestStatisticsDetModel.m */ = {isa = PBXFileReference; lastKnownFileType = sourcecode.c.objc; path = InterestStatisticsDetModel.m; sourceTree = "<group>"; };
		25A54C0F21C9E5DE00E8DE8C /* InterestStatisticsRequest.h */ = {isa = PBXFileReference; lastKnownFileType = sourcecode.c.h; path = InterestStatisticsRequest.h; sourceTree = "<group>"; };
		25A54C1021C9E5DE00E8DE8C /* InterestStatisticsRequest.m */ = {isa = PBXFileReference; lastKnownFileType = sourcecode.c.objc; path = InterestStatisticsRequest.m; sourceTree = "<group>"; };
		25A54C1221C9ECC600E8DE8C /* InterestStatisticsTableViewCell.h */ = {isa = PBXFileReference; lastKnownFileType = sourcecode.c.h; path = InterestStatisticsTableViewCell.h; sourceTree = "<group>"; };
		25A54C1321C9ECC600E8DE8C /* InterestStatisticsTableViewCell.m */ = {isa = PBXFileReference; lastKnownFileType = sourcecode.c.objc; path = InterestStatisticsTableViewCell.m; sourceTree = "<group>"; };
		25A54C1721CA18D500E8DE8C /* PersonStartViewController.h */ = {isa = PBXFileReference; lastKnownFileType = sourcecode.c.h; path = PersonStartViewController.h; sourceTree = "<group>"; };
		25A54C1821CA18D500E8DE8C /* PersonStartViewController.m */ = {isa = PBXFileReference; lastKnownFileType = sourcecode.c.objc; path = PersonStartViewController.m; sourceTree = "<group>"; };
		25A54C1A21CA190500E8DE8C /* PersonHeaderView.h */ = {isa = PBXFileReference; lastKnownFileType = sourcecode.c.h; path = PersonHeaderView.h; sourceTree = "<group>"; };
		25A54C1B21CA190500E8DE8C /* PersonHeaderView.m */ = {isa = PBXFileReference; lastKnownFileType = sourcecode.c.objc; path = PersonHeaderView.m; sourceTree = "<group>"; };
		25A54C1D21CA255A00E8DE8C /* PersonKidInfoView.h */ = {isa = PBXFileReference; lastKnownFileType = sourcecode.c.h; path = PersonKidInfoView.h; sourceTree = "<group>"; };
		25A54C1E21CA255B00E8DE8C /* PersonKidInfoView.m */ = {isa = PBXFileReference; lastKnownFileType = sourcecode.c.objc; path = PersonKidInfoView.m; sourceTree = "<group>"; };
		25B8023E218AFBD200B13113 /* UserLoginRequest.h */ = {isa = PBXFileReference; lastKnownFileType = sourcecode.c.h; path = UserLoginRequest.h; sourceTree = "<group>"; };
		25B8023F218AFBD200B13113 /* UserLoginRequest.m */ = {isa = PBXFileReference; lastKnownFileType = sourcecode.c.objc; path = UserLoginRequest.m; sourceTree = "<group>"; };
		25B80241218AFC9F00B13113 /* UserRequestUtil.h */ = {isa = PBXFileReference; lastKnownFileType = sourcecode.c.h; path = UserRequestUtil.h; sourceTree = "<group>"; };
		25B80242218AFC9F00B13113 /* UserRequestUtil.m */ = {isa = PBXFileReference; lastKnownFileType = sourcecode.c.objc; path = UserRequestUtil.m; sourceTree = "<group>"; };
		25B80244218B3EE500B13113 /* UserInfoRequest.h */ = {isa = PBXFileReference; lastKnownFileType = sourcecode.c.h; path = UserInfoRequest.h; sourceTree = "<group>"; };
		25B80245218B3EE500B13113 /* UserInfoRequest.m */ = {isa = PBXFileReference; lastKnownFileType = sourcecode.c.objc; path = UserInfoRequest.m; sourceTree = "<group>"; };
		25B80247218B49B600B13113 /* HttpRequestUrlUtil.h */ = {isa = PBXFileReference; lastKnownFileType = sourcecode.c.h; path = HttpRequestUrlUtil.h; sourceTree = "<group>"; };
		25B80248218B49B600B13113 /* HttpRequestUrlUtil.m */ = {isa = PBXFileReference; lastKnownFileType = sourcecode.c.objc; path = HttpRequestUrlUtil.m; sourceTree = "<group>"; };
		25D771A021C73D43003A1E3E /* KidInfoReqeust.h */ = {isa = PBXFileReference; lastKnownFileType = sourcecode.c.h; path = KidInfoReqeust.h; sourceTree = "<group>"; };
		25D771A121C73D43003A1E3E /* KidInfoReqeust.m */ = {isa = PBXFileReference; lastKnownFileType = sourcecode.c.objc; path = KidInfoReqeust.m; sourceTree = "<group>"; };
		25D771A321C73D7F003A1E3E /* KidInfoModel.h */ = {isa = PBXFileReference; lastKnownFileType = sourcecode.c.h; path = KidInfoModel.h; sourceTree = "<group>"; };
		25D771A421C73D7F003A1E3E /* KidInfoModel.m */ = {isa = PBXFileReference; lastKnownFileType = sourcecode.c.objc; path = KidInfoModel.m; sourceTree = "<group>"; };
		25D771A721C78968003A1E3E /* BasePageViewController.h */ = {isa = PBXFileReference; lastKnownFileType = sourcecode.c.h; path = BasePageViewController.h; sourceTree = "<group>"; };
		25D771A821C78968003A1E3E /* BasePageViewController.m */ = {isa = PBXFileReference; lastKnownFileType = sourcecode.c.objc; path = BasePageViewController.m; sourceTree = "<group>"; };
		25D771AA21C78D69003A1E3E /* StatisticStartViewController.h */ = {isa = PBXFileReference; lastKnownFileType = sourcecode.c.h; path = StatisticStartViewController.h; sourceTree = "<group>"; };
		25D771AB21C78D69003A1E3E /* StatisticStartViewController.m */ = {isa = PBXFileReference; lastKnownFileType = sourcecode.c.objc; path = StatisticStartViewController.m; sourceTree = "<group>"; };
		25D771AD21C78D89003A1E3E /* StatisticsPageManager.h */ = {isa = PBXFileReference; lastKnownFileType = sourcecode.c.h; path = StatisticsPageManager.h; sourceTree = "<group>"; };
		25D771AE21C78D89003A1E3E /* StatisticsPageManager.m */ = {isa = PBXFileReference; lastKnownFileType = sourcecode.c.objc; path = StatisticsPageManager.m; sourceTree = "<group>"; };
		25D771B021C7901D003A1E3E /* StatisticsModel.h */ = {isa = PBXFileReference; lastKnownFileType = sourcecode.c.h; path = StatisticsModel.h; sourceTree = "<group>"; };
		25D771B121C7901D003A1E3E /* StatisticsModel.m */ = {isa = PBXFileReference; lastKnownFileType = sourcecode.c.objc; path = StatisticsModel.m; sourceTree = "<group>"; };
		25D771B321C7905F003A1E3E /* TotalStatisticsRequest.h */ = {isa = PBXFileReference; lastKnownFileType = sourcecode.c.h; path = TotalStatisticsRequest.h; sourceTree = "<group>"; };
		25D771B421C7905F003A1E3E /* TotalStatisticsRequest.m */ = {isa = PBXFileReference; lastKnownFileType = sourcecode.c.objc; path = TotalStatisticsRequest.m; sourceTree = "<group>"; };
		25D771B621C791CC003A1E3E /* StatisticsStartTableViewController.h */ = {isa = PBXFileReference; lastKnownFileType = sourcecode.c.h; path = StatisticsStartTableViewController.h; sourceTree = "<group>"; };
		25D771B721C791CC003A1E3E /* StatisticsStartTableViewController.m */ = {isa = PBXFileReference; lastKnownFileType = sourcecode.c.objc; path = StatisticsStartTableViewController.m; sourceTree = "<group>"; };
		25D771B921C79982003A1E3E /* StatisticsStartTableViewCell.h */ = {isa = PBXFileReference; lastKnownFileType = sourcecode.c.h; path = StatisticsStartTableViewCell.h; sourceTree = "<group>"; };
		25D771BA21C79982003A1E3E /* StatisticsStartTableViewCell.m */ = {isa = PBXFileReference; lastKnownFileType = sourcecode.c.objc; path = StatisticsStartTableViewCell.m; sourceTree = "<group>"; };
		25F7CFC321817733001C19A3 /* UserList.plist */ = {isa = PBXFileReference; lastKnownFileType = text.plist.xml; path = UserList.plist; sourceTree = "<group>"; };
		25F7CFCA21819895001C19A3 /* MainStartViewController.h */ = {isa = PBXFileReference; fileEncoding = 4; lastKnownFileType = sourcecode.c.h; path = MainStartViewController.h; sourceTree = "<group>"; };
		25F7CFCB21819895001C19A3 /* MainStartViewController.m */ = {isa = PBXFileReference; fileEncoding = 4; lastKnownFileType = sourcecode.c.objc; path = MainStartViewController.m; sourceTree = "<group>"; };
		25F7CFCD2181A2CC001C19A3 /* BaseNavigationController.h */ = {isa = PBXFileReference; lastKnownFileType = sourcecode.c.h; path = BaseNavigationController.h; sourceTree = "<group>"; };
		25F7CFCE2181A2CC001C19A3 /* BaseNavigationController.m */ = {isa = PBXFileReference; lastKnownFileType = sourcecode.c.objc; path = BaseNavigationController.m; sourceTree = "<group>"; };
		25F7CFD22181AB3C001C19A3 /* TodayStartViewController.h */ = {isa = PBXFileReference; lastKnownFileType = sourcecode.c.h; path = TodayStartViewController.h; sourceTree = "<group>"; };
		25F7CFD32181AB3C001C19A3 /* TodayStartViewController.m */ = {isa = PBXFileReference; lastKnownFileType = sourcecode.c.objc; path = TodayStartViewController.m; sourceTree = "<group>"; };
		25F7CFD62181AD6B001C19A3 /* TagView.m */ = {isa = PBXFileReference; fileEncoding = 4; lastKnownFileType = sourcecode.c.objc; path = TagView.m; sourceTree = "<group>"; };
		25F7CFD72181AD6B001C19A3 /* TagViewController.h */ = {isa = PBXFileReference; fileEncoding = 4; lastKnownFileType = sourcecode.c.h; path = TagViewController.h; sourceTree = "<group>"; };
		25F7CFD82181AD6B001C19A3 /* TagView.h */ = {isa = PBXFileReference; fileEncoding = 4; lastKnownFileType = sourcecode.c.h; path = TagView.h; sourceTree = "<group>"; };
		25F7CFD92181AD6B001C19A3 /* TagViewController.m */ = {isa = PBXFileReference; fileEncoding = 4; lastKnownFileType = sourcecode.c.objc; path = TagViewController.m; sourceTree = "<group>"; };
		25F7CFDD2181AEAD001C19A3 /* MealSituationStartViewController.h */ = {isa = PBXFileReference; lastKnownFileType = sourcecode.c.h; path = MealSituationStartViewController.h; sourceTree = "<group>"; };
		25F7CFDE2181AEAD001C19A3 /* MealSituationStartViewController.m */ = {isa = PBXFileReference; lastKnownFileType = sourcecode.c.objc; path = MealSituationStartViewController.m; sourceTree = "<group>"; };
		25F7CFE32181AF1B001C19A3 /* SleepSituationStartViewController.h */ = {isa = PBXFileReference; lastKnownFileType = sourcecode.c.h; path = SleepSituationStartViewController.h; sourceTree = "<group>"; };
		25F7CFE42181AF1B001C19A3 /* SleepSituationStartViewController.m */ = {isa = PBXFileReference; lastKnownFileType = sourcecode.c.objc; path = SleepSituationStartViewController.m; sourceTree = "<group>"; };
		25F7CFE92181AF66001C19A3 /* GeneralSituationStartCommonViewController.h */ = {isa = PBXFileReference; lastKnownFileType = sourcecode.c.h; path = GeneralSituationStartCommonViewController.h; sourceTree = "<group>"; };
		25F7CFEA2181AF66001C19A3 /* GeneralSituationStartCommonViewController.m */ = {isa = PBXFileReference; lastKnownFileType = sourcecode.c.objc; path = GeneralSituationStartCommonViewController.m; sourceTree = "<group>"; };
		25F7CFED2181BE3B001C19A3 /* RadioButton.h */ = {isa = PBXFileReference; lastKnownFileType = sourcecode.c.h; path = RadioButton.h; sourceTree = "<group>"; };
		25F7CFEE2181BE3B001C19A3 /* RadioButton.m */ = {isa = PBXFileReference; lastKnownFileType = sourcecode.c.objc; path = RadioButton.m; sourceTree = "<group>"; };
		25F7CFF02181BFEB001C19A3 /* RadioGroup.h */ = {isa = PBXFileReference; lastKnownFileType = sourcecode.c.h; path = RadioGroup.h; sourceTree = "<group>"; };
		25F7CFF12181BFEB001C19A3 /* RadioGroup.m */ = {isa = PBXFileReference; lastKnownFileType = sourcecode.c.objc; path = RadioGroup.m; sourceTree = "<group>"; };
		25FAA35621801D48006C8588 /* UIImage+ShapeExt.h */ = {isa = PBXFileReference; lastKnownFileType = sourcecode.c.h; path = "UIImage+ShapeExt.h"; sourceTree = "<group>"; };
		25FAA35721801D48006C8588 /* UIImage+ShapeExt.m */ = {isa = PBXFileReference; lastKnownFileType = sourcecode.c.objc; path = "UIImage+ShapeExt.m"; sourceTree = "<group>"; };
		25FAA35921802025006C8588 /* NSObject+AlertExt.h */ = {isa = PBXFileReference; lastKnownFileType = sourcecode.c.h; path = "NSObject+AlertExt.h"; sourceTree = "<group>"; };
		25FAA35A21802025006C8588 /* NSObject+AlertExt.m */ = {isa = PBXFileReference; lastKnownFileType = sourcecode.c.objc; path = "NSObject+AlertExt.m"; sourceTree = "<group>"; };
		25FAA35C2180248E006C8588 /* UserModel.h */ = {isa = PBXFileReference; lastKnownFileType = sourcecode.c.h; path = UserModel.h; sourceTree = "<group>"; };
		25FAA35D2180248E006C8588 /* UserModel.m */ = {isa = PBXFileReference; lastKnownFileType = sourcecode.c.objc; path = UserModel.m; sourceTree = "<group>"; };
		25FE9A2121B772F200FDF663 /* DatePickerViewController.h */ = {isa = PBXFileReference; lastKnownFileType = sourcecode.c.h; path = DatePickerViewController.h; sourceTree = "<group>"; };
		25FE9A2221B772F200FDF663 /* DatePickerViewController.m */ = {isa = PBXFileReference; lastKnownFileType = sourcecode.c.objc; path = DatePickerViewController.m; sourceTree = "<group>"; };
		25FE9A2421B783CD00FDF663 /* zh-Hans */ = {isa = PBXFileReference; lastKnownFileType = text.plist.strings; name = "zh-Hans"; path = "zh-Hans.lproj/Main.strings"; sourceTree = "<group>"; };
		25FE9A2521B783CD00FDF663 /* zh-Hans */ = {isa = PBXFileReference; lastKnownFileType = text.plist.strings; name = "zh-Hans"; path = "zh-Hans.lproj/LaunchScreen.strings"; sourceTree = "<group>"; };
		25FE9A2621B7AE9500FDF663 /* HistoryTypeSelectViewController.h */ = {isa = PBXFileReference; lastKnownFileType = sourcecode.c.h; path = HistoryTypeSelectViewController.h; sourceTree = "<group>"; };
		25FE9A2721B7AE9500FDF663 /* HistoryTypeSelectViewController.m */ = {isa = PBXFileReference; lastKnownFileType = sourcecode.c.objc; path = HistoryTypeSelectViewController.m; sourceTree = "<group>"; };
		25FE9A2921B7AF4400FDF663 /* HistoryTypeModel.h */ = {isa = PBXFileReference; lastKnownFileType = sourcecode.c.h; path = HistoryTypeModel.h; sourceTree = "<group>"; };
		25FE9A2A21B7AF4400FDF663 /* HistoryTypeModel.m */ = {isa = PBXFileReference; lastKnownFileType = sourcecode.c.objc; path = HistoryTypeModel.m; sourceTree = "<group>"; };
		4EF96083E32B222C796C74C1 /* libPods-CherryGrow.a */ = {isa = PBXFileReference; explicitFileType = archive.ar; includeInIndex = 0; path = "libPods-CherryGrow.a"; sourceTree = BUILT_PRODUCTS_DIR; };
		6773EEE0CB4F709782235FA8 /* Pods-CherryGrow.release.xcconfig */ = {isa = PBXFileReference; includeInIndex = 1; lastKnownFileType = text.xcconfig; name = "Pods-CherryGrow.release.xcconfig"; path = "Pods/Target Support Files/Pods-CherryGrow/Pods-CherryGrow.release.xcconfig"; sourceTree = "<group>"; };
/* End PBXFileReference section */

/* Begin PBXFrameworksBuildPhase section */
		253C5521217FFFC200BC3DDB /* Frameworks */ = {
			isa = PBXFrameworksBuildPhase;
			buildActionMask = 2147483647;
			files = (
				0C52B1930FDB9738DD3480FE /* libPods-CherryGrow.a in Frameworks */,
			);
			runOnlyForDeploymentPostprocessing = 0;
		};
/* End PBXFrameworksBuildPhase section */

/* Begin PBXGroup section */
		250E453C21A2623F00BEEC58 /* DataModel */ = {
			isa = PBXGroup;
			children = (
				250E453D21A2625500BEEC58 /* MealSituation.h */,
				250E453E21A2625500BEEC58 /* MealSituation.m */,
				256AF00921A3AFDA00E72143 /* SleepSituation.h */,
				256AF00A21A3AFDA00E72143 /* SleepSituation.m */,
				253193A021A55B210014A23A /* InterestCateModel.h */,
				253193A121A55B210014A23A /* InterestCateModel.m */,
				257CAC0521A78B7A0087FBAE /* SituationRecordModel.h */,
				257CAC0621A78B7A0087FBAE /* SituationRecordModel.m */,
				257CAC0821A78BF80087FBAE /* SituationDetModel.h */,
				257CAC0921A78BF80087FBAE /* SituationDetModel.m */,
				257CAC0B21A78C820087FBAE /* SituationModel.h */,
				257CAC0C21A78C820087FBAE /* SituationModel.m */,
				258A384D21AB8CA7001B3839 /* InterestSituation.h */,
				258A384E21AB8CA7001B3839 /* InterestSituation.m */,
			);
			path = DataModel;
			sourceTree = "<group>";
		};
		250E454021A262E100BEEC58 /* Requests */ = {
			isa = PBXGroup;
			children = (
				250E454121A262FD00BEEC58 /* TodayMealSituationListRequest.h */,
				250E454221A262FD00BEEC58 /* TodayMealSituationListRequest.m */,
				250E454B21A286A100BEEC58 /* AddMealSituationRequest.h */,
				250E454C21A286A100BEEC58 /* AddMealSituationRequest.m */,
				256AF00C21A3D70300E72143 /* TodaySleepSituationListRequest.h */,
				256AF00D21A3D70300E72143 /* TodaySleepSituationListRequest.m */,
				256AF00F21A3D78500E72143 /* AddSleepSituationRequest.h */,
				256AF01021A3D78500E72143 /* AddSleepSituationRequest.m */,
				2531939D21A55AE10014A23A /* InterestCatesReqeust.h */,
				2531939E21A55AE10014A23A /* InterestCatesReqeust.m */,
				258A384A21AB8B15001B3839 /* AddInterestSituationRequest.h */,
				258A384B21AB8B15001B3839 /* AddInterestSituationRequest.m */,
				258A385021AB9311001B3839 /* TodayInterestSituationsRequest.h */,
				258A385121AB9311001B3839 /* TodayInterestSituationsRequest.m */,
			);
			path = Requests;
			sourceTree = "<group>";
		};
		250E454421A2648700BEEC58 /* Utils */ = {
			isa = PBXGroup;
			children = (
				250E454521A2649600BEEC58 /* MealSituationUtil.h */,
				250E454621A2649600BEEC58 /* MealSituationUtil.m */,
				250E454821A2652000BEEC58 /* SituationRequestManager.h */,
				250E454921A2652000BEEC58 /* SituationRequestManager.m */,
			);
			path = Utils;
			sourceTree = "<group>";
		};
		2531939321A5544D0014A23A /* 兴趣学习情况 */ = {
			isa = PBXGroup;
			children = (
				2531939421A5544D0014A23A /* InterestSituationStartViewController.h */,
				2531939521A5544D0014A23A /* InterestSituationStartViewController.m */,
				2531939A21A5581F0014A23A /* InterestCateSelectViewController.h */,
				2531939B21A5581F0014A23A /* InterestCateSelectViewController.m */,
				258A384721AB7FF1001B3839 /* InterestSituationSelectViewController.h */,
				258A384821AB7FF1001B3839 /* InterestSituationSelectViewController.m */,
				258A385321AB9650001B3839 /* TodayInterestSituationTableViewCell.h */,
				258A385421AB9650001B3839 /* TodayInterestSituationTableViewCell.m */,
			);
			path = "兴趣学习情况";
			sourceTree = "<group>";
		};
		253C551B217FFFC200BC3DDB = {
			isa = PBXGroup;
			children = (
				253C5526217FFFC200BC3DDB /* CherryGrow */,
				253C5525217FFFC200BC3DDB /* Products */,
				8C2C390B7988E084CD61E704 /* Pods */,
				2C9E453952D9974427A2D01A /* Frameworks */,
			);
			sourceTree = "<group>";
		};
		253C5525217FFFC200BC3DDB /* Products */ = {
			isa = PBXGroup;
			children = (
				253C5524217FFFC200BC3DDB /* CherryGrow.app */,
			);
			name = Products;
			sourceTree = "<group>";
		};
		253C5526217FFFC200BC3DDB /* CherryGrow */ = {
			isa = PBXGroup;
			children = (
				258A385621AC092C001B3839 /* 历史情况 */,
				25A54C1521CA18BD00E8DE8C /* 个人空间 */,
				25F7CFD02181AB09001C19A3 /* 今日表现 */,
				25F7CFC52181985D001C19A3 /* 主界面 */,
				253C55512180064C00BC3DDB /* 用户 */,
				253C553F2180012C00BC3DDB /* 公用 */,
				253C553D2180010D00BC3DDB /* 初始化 */,
				253C5527217FFFC200BC3DDB /* AppDelegate.h */,
				253C5528217FFFC200BC3DDB /* AppDelegate.m */,
				253C552D217FFFC200BC3DDB /* Main.storyboard */,
				253C5530217FFFC200BC3DDB /* Assets.xcassets */,
				253C5532217FFFC200BC3DDB /* LaunchScreen.storyboard */,
				253C5535217FFFC200BC3DDB /* Info.plist */,
				253C5536217FFFC200BC3DDB /* main.m */,
			);
			path = CherryGrow;
			sourceTree = "<group>";
		};
		253C553D2180010D00BC3DDB /* 初始化 */ = {
			isa = PBXGroup;
			children = (
				253C554D2180038A00BC3DDB /* Util */,
				253C553E2180010D00BC3DDB /* UI */,
			);
			path = "初始化";
			sourceTree = "<group>";
		};
		253C553E2180010D00BC3DDB /* UI */ = {
			isa = PBXGroup;
			children = (
				253C554A218002E900BC3DDB /* InitializationViewController.h */,
				253C554B218002E900BC3DDB /* InitializationViewController.m */,
			);
			path = UI;
			sourceTree = "<group>";
		};
		253C553F2180012C00BC3DDB /* 公用 */ = {
			isa = PBXGroup;
			children = (
				25F7CFEC2181BE24001C19A3 /* Radio */,
				25F7CFD52181AD6B001C19A3 /* TagView */,
				253C55632180102E00BC3DDB /* CommonView */,
				253C555B218008D500BC3DDB /* CommonFunc */,
				253C5545218001F900BC3DDB /* SupportFiles */,
				253C55402180014400BC3DDB /* PageViewControllerManager */,
				253C55442180018100BC3DDB /* CGCommonInc.h */,
			);
			path = "公用";
			sourceTree = "<group>";
		};
		253C55402180014400BC3DDB /* PageViewControllerManager */ = {
			isa = PBXGroup;
			children = (
				253C55412180015D00BC3DDB /* NSObject+RootControllerExt.h */,
				253C55422180015D00BC3DDB /* NSObject+RootControllerExt.m */,
				253C5547218002BB00BC3DDB /* PageViewControllerManager.h */,
				253C5548218002BB00BC3DDB /* PageViewControllerManager.m */,
				25F7CFCD2181A2CC001C19A3 /* BaseNavigationController.h */,
				25F7CFCE2181A2CC001C19A3 /* BaseNavigationController.m */,
				25D771A721C78968003A1E3E /* BasePageViewController.h */,
				25D771A821C78968003A1E3E /* BasePageViewController.m */,
			);
			path = PageViewControllerManager;
			sourceTree = "<group>";
		};
		253C5545218001F900BC3DDB /* SupportFiles */ = {
			isa = PBXGroup;
			children = (
				253C55462180020600BC3DDB /* PrefixHeader.pch */,
				25F7CFC321817733001C19A3 /* UserList.plist */,
			);
			path = SupportFiles;
			sourceTree = "<group>";
		};
		253C554D2180038A00BC3DDB /* Util */ = {
			isa = PBXGroup;
			children = (
				253C554E2180039F00BC3DDB /* InitializationUtil.h */,
				253C554F2180039F00BC3DDB /* InitializationUtil.m */,
			);
			path = Util;
			sourceTree = "<group>";
		};
		253C55512180064C00BC3DDB /* 用户 */ = {
			isa = PBXGroup;
			children = (
				253C55522180064C00BC3DDB /* UI */,
				253C55532180064C00BC3DDB /* Util */,
				253C55542180064C00BC3DDB /* DataModel */,
			);
			path = "用户";
			sourceTree = "<group>";
		};
		253C55522180064C00BC3DDB /* UI */ = {
			isa = PBXGroup;
			children = (
				253C55702180128000BC3DDB /* 登录 */,
			);
			path = UI;
			sourceTree = "<group>";
		};
		253C55532180064C00BC3DDB /* Util */ = {
			isa = PBXGroup;
			children = (
				25B8023D218AFB8700B13113 /* Request */,
				253C55582180070C00BC3DDB /* UserUtil.h */,
				253C55592180070C00BC3DDB /* UserUtil.m */,
			);
			path = Util;
			sourceTree = "<group>";
		};
		253C55542180064C00BC3DDB /* DataModel */ = {
			isa = PBXGroup;
			children = (
				253C55552180066F00BC3DDB /* UserAccountModel.h */,
				253C55562180066F00BC3DDB /* UserAccountModel.m */,
				25FAA35C2180248E006C8588 /* UserModel.h */,
				25FAA35D2180248E006C8588 /* UserModel.m */,
				25D771A321C73D7F003A1E3E /* KidInfoModel.h */,
				25D771A421C73D7F003A1E3E /* KidInfoModel.m */,
			);
			path = DataModel;
			sourceTree = "<group>";
		};
		253C555B218008D500BC3DDB /* CommonFunc */ = {
			isa = PBXGroup;
			children = (
				253C555C218008DF00BC3DDB /* UserDefaults.h */,
				253C555D218008DF00BC3DDB /* UserDefaults.m */,
				25B80247218B49B600B13113 /* HttpRequestUrlUtil.h */,
				25B80248218B49B600B13113 /* HttpRequestUrlUtil.m */,
			);
			path = CommonFunc;
			sourceTree = "<group>";
		};
		253C55632180102E00BC3DDB /* CommonView */ = {
			isa = PBXGroup;
			children = (
				253C55642180104300BC3DDB /* UIView+SubViewExt.h */,
				253C55652180104300BC3DDB /* UIView+SubViewExt.m */,
				253C55672180108500BC3DDB /* UIViewController+SubViewExt.h */,
				253C55682180108500BC3DDB /* UIViewController+SubViewExt.m */,
				253C556A218010B900BC3DDB /* UIView+BoarderExt.h */,
				253C556B218010B900BC3DDB /* UIView+BoarderExt.m */,
				253C556D218011B000BC3DDB /* UIColor+StandardExt.h */,
				253C556E218011B000BC3DDB /* UIColor+StandardExt.m */,
				25FAA35621801D48006C8588 /* UIImage+ShapeExt.h */,
				25FAA35721801D48006C8588 /* UIImage+ShapeExt.m */,
				25FAA35921802025006C8588 /* NSObject+AlertExt.h */,
				25FAA35A21802025006C8588 /* NSObject+AlertExt.m */,
				2531939721A556E70014A23A /* PopViewController.h */,
				2531939821A556E70014A23A /* PopViewController.m */,
				25FE9A2121B772F200FDF663 /* DatePickerViewController.h */,
				25FE9A2221B772F200FDF663 /* DatePickerViewController.m */,
			);
			path = CommonView;
			sourceTree = "<group>";
		};
		253C55702180128000BC3DDB /* 登录 */ = {
			isa = PBXGroup;
			children = (
				253C55712180128000BC3DDB /* UserLoginViewController.h */,
				253C55722180128000BC3DDB /* UserLoginViewController.m */,
			);
			path = "登录";
			sourceTree = "<group>";
		};
		2567759C21ACD0DB00095AE1 /* Request */ = {
			isa = PBXGroup;
			children = (
				256775A421ACD10700095AE1 /* HistoryRecordsRequest.h */,
				256775A521ACD10700095AE1 /* HistoryRecordsRequest.m */,
				256775A721ACD36800095AE1 /* HistoryRequestManager.h */,
				256775A821ACD36800095AE1 /* HistoryRequestManager.m */,
				25D771B321C7905F003A1E3E /* TotalStatisticsRequest.h */,
				25D771B421C7905F003A1E3E /* TotalStatisticsRequest.m */,
				254AF7C321C8A146003A4574 /* MealStatisticsRequest.h */,
				254AF7C421C8A146003A4574 /* MealStatisticsRequest.m */,
				254AF7CC21C8E509003A4574 /* SleepStatisticsRequest.h */,
				254AF7CD21C8E509003A4574 /* SleepStatisticsRequest.m */,
				25A54C0F21C9E5DE00E8DE8C /* InterestStatisticsRequest.h */,
				25A54C1021C9E5DE00E8DE8C /* InterestStatisticsRequest.m */,
			);
			path = Request;
			sourceTree = "<group>";
		};
		2567759D21ACD0DC00095AE1 /* UI */ = {
			isa = PBXGroup;
			children = (
				25D771A621C7890B003A1E3E /* 统计 */,
				256775AD21ACD8A200095AE1 /* HistoryStartViewController.h */,
				256775AC21ACD8A200095AE1 /* HistoryStartViewController.m */,
				256775AA21ACD8A200095AE1 /* HistoryTableViewController.h */,
				256775AB21ACD8A200095AE1 /* HistoryTableViewController.m */,
				256775B021ACE00400095AE1 /* HistorySituationDetTableViewCell.h */,
				256775B121ACE00400095AE1 /* HistorySituationDetTableViewCell.m */,
				25FE9A2621B7AE9500FDF663 /* HistoryTypeSelectViewController.h */,
				25FE9A2721B7AE9500FDF663 /* HistoryTypeSelectViewController.m */,
			);
			path = UI;
			sourceTree = "<group>";
		};
		258A385621AC092C001B3839 /* 历史情况 */ = {
			isa = PBXGroup;
			children = (
				2567759C21ACD0DB00095AE1 /* Request */,
				2567759D21ACD0DC00095AE1 /* UI */,
				258A386121AC0C25001B3839 /* DateModel */,
			);
			path = "历史情况";
			sourceTree = "<group>";
		};
		258A386121AC0C25001B3839 /* DateModel */ = {
			isa = PBXGroup;
			children = (
				258A386221AC0C41001B3839 /* DailySituationModel.h */,
				258A386321AC0C41001B3839 /* DailySituationModel.m */,
				258A386521AC0C6C001B3839 /* SituationHistoryDetModel.h */,
				258A386621AC0C6C001B3839 /* SituationHistoryDetModel.m */,
				258A386821AC0CBE001B3839 /* MealHistoryDetModel.h */,
				258A386921AC0CBE001B3839 /* MealHistoryDetModel.m */,
				258A386B21AC0D46001B3839 /* SleepHistoryDetModel.h */,
				258A386C21AC0D46001B3839 /* SleepHistoryDetModel.m */,
				258A386E21AC0D7A001B3839 /* InterestHistoryDetModel.h */,
				258A386F21AC0D7A001B3839 /* InterestHistoryDetModel.m */,
				25FE9A2921B7AF4400FDF663 /* HistoryTypeModel.h */,
				25FE9A2A21B7AF4400FDF663 /* HistoryTypeModel.m */,
				25D771B021C7901D003A1E3E /* StatisticsModel.h */,
				25D771B121C7901D003A1E3E /* StatisticsModel.m */,
				254AF7BD21C8A077003A4574 /* StatisticsDetModel.h */,
				254AF7BE21C8A077003A4574 /* StatisticsDetModel.m */,
				254AF7C021C8A0E2003A4574 /* MealStatisticsDetModel.h */,
				254AF7C121C8A0E2003A4574 /* MealStatisticsDetModel.m */,
				254AF7C921C8E49B003A4574 /* SleepStatisticsDetModel.h */,
				254AF7CA21C8E49B003A4574 /* SleepStatisticsDetModel.m */,
				25A54C0C21C9DD1B00E8DE8C /* InterestStatisticsDetModel.h */,
				25A54C0D21C9DD1B00E8DE8C /* InterestStatisticsDetModel.m */,
			);
			path = DateModel;
			sourceTree = "<group>";
		};
		25A54C1521CA18BD00E8DE8C /* 个人空间 */ = {
			isa = PBXGroup;
			children = (
				25A54C1621CA18BD00E8DE8C /* UI */,
			);
			path = "个人空间";
			sourceTree = "<group>";
		};
		25A54C1621CA18BD00E8DE8C /* UI */ = {
			isa = PBXGroup;
			children = (
				25A54C1721CA18D500E8DE8C /* PersonStartViewController.h */,
				25A54C1821CA18D500E8DE8C /* PersonStartViewController.m */,
				25A54C1A21CA190500E8DE8C /* PersonHeaderView.h */,
				25A54C1B21CA190500E8DE8C /* PersonHeaderView.m */,
				25A54C1D21CA255A00E8DE8C /* PersonKidInfoView.h */,
				25A54C1E21CA255B00E8DE8C /* PersonKidInfoView.m */,
			);
			path = UI;
			sourceTree = "<group>";
		};
		25B8023D218AFB8700B13113 /* Request */ = {
			isa = PBXGroup;
			children = (
				25B8023E218AFBD200B13113 /* UserLoginRequest.h */,
				25B8023F218AFBD200B13113 /* UserLoginRequest.m */,
				25B80241218AFC9F00B13113 /* UserRequestUtil.h */,
				25B80242218AFC9F00B13113 /* UserRequestUtil.m */,
				25B80244218B3EE500B13113 /* UserInfoRequest.h */,
				25B80245218B3EE500B13113 /* UserInfoRequest.m */,
				25D771A021C73D43003A1E3E /* KidInfoReqeust.h */,
				25D771A121C73D43003A1E3E /* KidInfoReqeust.m */,
			);
			path = Request;
			sourceTree = "<group>";
		};
		25D771A621C7890B003A1E3E /* 统计 */ = {
			isa = PBXGroup;
			children = (
				25D771AA21C78D69003A1E3E /* StatisticStartViewController.h */,
				25D771AB21C78D69003A1E3E /* StatisticStartViewController.m */,
				25D771AD21C78D89003A1E3E /* StatisticsPageManager.h */,
				25D771AE21C78D89003A1E3E /* StatisticsPageManager.m */,
				25D771B621C791CC003A1E3E /* StatisticsStartTableViewController.h */,
				25D771B721C791CC003A1E3E /* StatisticsStartTableViewController.m */,
				25D771B921C79982003A1E3E /* StatisticsStartTableViewCell.h */,
				25D771BA21C79982003A1E3E /* StatisticsStartTableViewCell.m */,
				254AF7B121C89120003A4574 /* StatisticsViewController.h */,
				254AF7B221C89120003A4574 /* StatisticsViewController.m */,
				254AF7B421C896DA003A4574 /* MealStatisticsViewController.h */,
				254AF7B521C896DA003A4574 /* MealStatisticsViewController.m */,
				254AF7C621C8C4AA003A4574 /* MealStatisticsTableViewCell.h */,
				254AF7C721C8C4AA003A4574 /* MealStatisticsTableViewCell.m */,
				254AF7B721C89706003A4574 /* SleepStatisticsViewController.h */,
				254AF7B821C89706003A4574 /* SleepStatisticsViewController.m */,
				254AF7CF21C8ECF3003A4574 /* SleepStatisticsTableViewCell.h */,
				254AF7D021C8ECF3003A4574 /* SleepStatisticsTableViewCell.m */,
				254AF7BA21C89718003A4574 /* InterestStatisticViewController.h */,
				254AF7BB21C89718003A4574 /* InterestStatisticViewController.m */,
				25A54C1221C9ECC600E8DE8C /* InterestStatisticsTableViewCell.h */,
				25A54C1321C9ECC600E8DE8C /* InterestStatisticsTableViewCell.m */,
			);
			path = "统计";
			sourceTree = "<group>";
		};
		25F7CFC52181985D001C19A3 /* 主界面 */ = {
			isa = PBXGroup;
			children = (
				25F7CFC921819895001C19A3 /* UI */,
			);
			path = "主界面";
			sourceTree = "<group>";
		};
		25F7CFC921819895001C19A3 /* UI */ = {
			isa = PBXGroup;
			children = (
				25F7CFCA21819895001C19A3 /* MainStartViewController.h */,
				25F7CFCB21819895001C19A3 /* MainStartViewController.m */,
			);
			path = UI;
			sourceTree = "<group>";
		};
		25F7CFD02181AB09001C19A3 /* 今日表现 */ = {
			isa = PBXGroup;
			children = (
				250E454421A2648700BEEC58 /* Utils */,
				250E454021A262E100BEEC58 /* Requests */,
				250E453C21A2623F00BEEC58 /* DataModel */,
				25F7CFD12181AB14001C19A3 /* UI */,
			);
			path = "今日表现";
			sourceTree = "<group>";
		};
		25F7CFD12181AB14001C19A3 /* UI */ = {
			isa = PBXGroup;
			children = (
				2531939321A5544D0014A23A /* 兴趣学习情况 */,
				25F7CFE12181AED1001C19A3 /* 其他 */,
				25F7CFE02181AEC4001C19A3 /* 睡眠情况 */,
				25F7CFDC2181AE87001C19A3 /* 吃饭情况 */,
				25F7CFD22181AB3C001C19A3 /* TodayStartViewController.h */,
				25F7CFD32181AB3C001C19A3 /* TodayStartViewController.m */,
				257162C821B64CD20051F940 /* TodaySituationViewController.h */,
				257162C921B64CD20051F940 /* TodaySituationViewController.m */,
			);
			path = UI;
			sourceTree = "<group>";
		};
		25F7CFD52181AD6B001C19A3 /* TagView */ = {
			isa = PBXGroup;
			children = (
				25F7CFD82181AD6B001C19A3 /* TagView.h */,
				25F7CFD62181AD6B001C19A3 /* TagView.m */,
				25F7CFD72181AD6B001C19A3 /* TagViewController.h */,
				25F7CFD92181AD6B001C19A3 /* TagViewController.m */,
			);
			path = TagView;
			sourceTree = "<group>";
		};
		25F7CFDC2181AE87001C19A3 /* 吃饭情况 */ = {
			isa = PBXGroup;
			children = (
				25F7CFDD2181AEAD001C19A3 /* MealSituationStartViewController.h */,
				25F7CFDE2181AEAD001C19A3 /* MealSituationStartViewController.m */,
				2553F5C32182A92500E94CA7 /* MealSituationEditView.h */,
				2553F5C42182A92500E94CA7 /* MealSituationEditView.m */,
				2553F5C62182B62C00E94CA7 /* MealSitatusEditTableViewCell.h */,
				2553F5C72182B62C00E94CA7 /* MealSitatusEditTableViewCell.m */,
				250E454E21A2A9B800BEEC58 /* MealSituationEditDelegate.h */,
			);
			path = "吃饭情况";
			sourceTree = "<group>";
		};
		25F7CFE02181AEC4001C19A3 /* 睡眠情况 */ = {
			isa = PBXGroup;
			children = (
				25F7CFE32181AF1B001C19A3 /* SleepSituationStartViewController.h */,
				25F7CFE42181AF1B001C19A3 /* SleepSituationStartViewController.m */,
				256AF00621A3A0C600E72143 /* SleepSituationEditTableViewCell.h */,
				256AF00721A3A0C600E72143 /* SleepSituationEditTableViewCell.m */,
			);
			path = "睡眠情况";
			sourceTree = "<group>";
		};
		25F7CFE12181AED1001C19A3 /* 其他 */ = {
			isa = PBXGroup;
			children = (
				25F7CFE92181AF66001C19A3 /* GeneralSituationStartCommonViewController.h */,
				25F7CFEA2181AF66001C19A3 /* GeneralSituationStartCommonViewController.m */,
			);
			path = "其他";
			sourceTree = "<group>";
		};
		25F7CFEC2181BE24001C19A3 /* Radio */ = {
			isa = PBXGroup;
			children = (
				25F7CFED2181BE3B001C19A3 /* RadioButton.h */,
				25F7CFEE2181BE3B001C19A3 /* RadioButton.m */,
				25F7CFF02181BFEB001C19A3 /* RadioGroup.h */,
				25F7CFF12181BFEB001C19A3 /* RadioGroup.m */,
			);
			path = Radio;
			sourceTree = "<group>";
		};
		2C9E453952D9974427A2D01A /* Frameworks */ = {
			isa = PBXGroup;
			children = (
				4EF96083E32B222C796C74C1 /* libPods-CherryGrow.a */,
			);
			name = Frameworks;
			sourceTree = "<group>";
		};
		8C2C390B7988E084CD61E704 /* Pods */ = {
			isa = PBXGroup;
			children = (
				14575877C4509DB436210A58 /* Pods-CherryGrow.debug.xcconfig */,
				6773EEE0CB4F709782235FA8 /* Pods-CherryGrow.release.xcconfig */,
			);
			name = Pods;
			sourceTree = "<group>";
		};
/* End PBXGroup section */

/* Begin PBXNativeTarget section */
		253C5523217FFFC200BC3DDB /* CherryGrow */ = {
			isa = PBXNativeTarget;
			buildConfigurationList = 253C553A217FFFC200BC3DDB /* Build configuration list for PBXNativeTarget "CherryGrow" */;
			buildPhases = (
				410254E80C175B20ED2FC368 /* [CP] Check Pods Manifest.lock */,
				253C5520217FFFC200BC3DDB /* Sources */,
				253C5521217FFFC200BC3DDB /* Frameworks */,
				253C5522217FFFC200BC3DDB /* Resources */,
				EB21C6A2706BA74BC38FA1E7 /* [CP] Embed Pods Frameworks */,
				53644D095618C1F80372ADF3 /* [CP] Copy Pods Resources */,
			);
			buildRules = (
			);
			dependencies = (
			);
			name = CherryGrow;
			productName = CherryGrow;
			productReference = 253C5524217FFFC200BC3DDB /* CherryGrow.app */;
			productType = "com.apple.product-type.application";
		};
/* End PBXNativeTarget section */

/* Begin PBXProject section */
		253C551C217FFFC200BC3DDB /* Project object */ = {
			isa = PBXProject;
			attributes = {
				LastUpgradeCheck = 0920;
				ORGANIZATIONNAME = YinQ;
				TargetAttributes = {
					253C5523217FFFC200BC3DDB = {
						CreatedOnToolsVersion = 9.2;
						ProvisioningStyle = Automatic;
					};
				};
			};
			buildConfigurationList = 253C551F217FFFC200BC3DDB /* Build configuration list for PBXProject "CherryGrow" */;
			compatibilityVersion = "Xcode 8.0";
			developmentRegion = en;
			hasScannedForEncodings = 0;
			knownRegions = (
				en,
				Base,
			);
			mainGroup = 253C551B217FFFC200BC3DDB;
			productRefGroup = 253C5525217FFFC200BC3DDB /* Products */;
			projectDirPath = "";
			projectRoot = "";
			targets = (
				253C5523217FFFC200BC3DDB /* CherryGrow */,
			);
		};
/* End PBXProject section */

/* Begin PBXResourcesBuildPhase section */
		253C5522217FFFC200BC3DDB /* Resources */ = {
			isa = PBXResourcesBuildPhase;
			buildActionMask = 2147483647;
			files = (
				253C5534217FFFC200BC3DDB /* LaunchScreen.storyboard in Resources */,
				253C5531217FFFC200BC3DDB /* Assets.xcassets in Resources */,
				253C552F217FFFC200BC3DDB /* Main.storyboard in Resources */,
				25F7CFC421817733001C19A3 /* UserList.plist in Resources */,
			);
			runOnlyForDeploymentPostprocessing = 0;
		};
/* End PBXResourcesBuildPhase section */

/* Begin PBXShellScriptBuildPhase section */
		410254E80C175B20ED2FC368 /* [CP] Check Pods Manifest.lock */ = {
			isa = PBXShellScriptBuildPhase;
			buildActionMask = 2147483647;
			files = (
			);
			inputPaths = (
				"${PODS_PODFILE_DIR_PATH}/Podfile.lock",
				"${PODS_ROOT}/Manifest.lock",
			);
			name = "[CP] Check Pods Manifest.lock";
			outputPaths = (
				"$(DERIVED_FILE_DIR)/Pods-CherryGrow-checkManifestLockResult.txt",
			);
			runOnlyForDeploymentPostprocessing = 0;
			shellPath = /bin/sh;
			shellScript = "diff \"${PODS_PODFILE_DIR_PATH}/Podfile.lock\" \"${PODS_ROOT}/Manifest.lock\" > /dev/null\nif [ $? != 0 ] ; then\n    # print error to STDERR\n    echo \"error: The sandbox is not in sync with the Podfile.lock. Run 'pod install' or update your CocoaPods installation.\" >&2\n    exit 1\nfi\n# This output is used by Xcode 'outputs' to avoid re-running this script phase.\necho \"SUCCESS\" > \"${SCRIPT_OUTPUT_FILE_0}\"\n";
			showEnvVarsInLog = 0;
		};
		53644D095618C1F80372ADF3 /* [CP] Copy Pods Resources */ = {
			isa = PBXShellScriptBuildPhase;
			buildActionMask = 2147483647;
			files = (
			);
			inputPaths = (
				"${SRCROOT}/Pods/Target Support Files/Pods-CherryGrow/Pods-CherryGrow-resources.sh",
				"${PODS_ROOT}/MJRefresh/MJRefresh/MJRefresh.bundle",
				"${PODS_ROOT}/SVProgressHUD/SVProgressHUD/SVProgressHUD.bundle",
			);
			name = "[CP] Copy Pods Resources";
			outputPaths = (
				"${TARGET_BUILD_DIR}/${UNLOCALIZED_RESOURCES_FOLDER_PATH}/MJRefresh.bundle",
				"${TARGET_BUILD_DIR}/${UNLOCALIZED_RESOURCES_FOLDER_PATH}/SVProgressHUD.bundle",
			);
			runOnlyForDeploymentPostprocessing = 0;
			shellPath = /bin/sh;
			shellScript = "\"${SRCROOT}/Pods/Target Support Files/Pods-CherryGrow/Pods-CherryGrow-resources.sh\"\n";
			showEnvVarsInLog = 0;
		};
		EB21C6A2706BA74BC38FA1E7 /* [CP] Embed Pods Frameworks */ = {
			isa = PBXShellScriptBuildPhase;
			buildActionMask = 2147483647;
			files = (
			);
			inputPaths = (
			);
			name = "[CP] Embed Pods Frameworks";
			outputPaths = (
			);
			runOnlyForDeploymentPostprocessing = 0;
			shellPath = /bin/sh;
			shellScript = "\"${SRCROOT}/Pods/Target Support Files/Pods-CherryGrow/Pods-CherryGrow-frameworks.sh\"\n";
			showEnvVarsInLog = 0;
		};
/* End PBXShellScriptBuildPhase section */

/* Begin PBXSourcesBuildPhase section */
		253C5520217FFFC200BC3DDB /* Sources */ = {
			isa = PBXSourcesBuildPhase;
			buildActionMask = 2147483647;
			files = (
				253C5549218002BB00BC3DDB /* PageViewControllerManager.m in Sources */,
				25D771B221C7901D003A1E3E /* StatisticsModel.m in Sources */,
				254AF7B921C89706003A4574 /* SleepStatisticsViewController.m in Sources */,
				254AF7C221C8A0E2003A4574 /* MealStatisticsDetModel.m in Sources */,
				25D771AF21C78D89003A1E3E /* StatisticsPageManager.m in Sources */,
				2553F5C52182A92500E94CA7 /* MealSituationEditView.m in Sources */,
				254AF7B321C89120003A4574 /* StatisticsViewController.m in Sources */,
				25A54C1121C9E5DE00E8DE8C /* InterestStatisticsRequest.m in Sources */,
				258A384F21AB8CA7001B3839 /* InterestSituation.m in Sources */,
				254AF7CE21C8E509003A4574 /* SleepStatisticsRequest.m in Sources */,
				25A54C1C21CA190500E8DE8C /* PersonHeaderView.m in Sources */,
				258A386D21AC0D46001B3839 /* SleepHistoryDetModel.m in Sources */,
				25FE9A2B21B7AF4400FDF663 /* HistoryTypeModel.m in Sources */,
				253C555E218008DF00BC3DDB /* UserDefaults.m in Sources */,
				253C55572180066F00BC3DDB /* UserAccountModel.m in Sources */,
				258A386721AC0C6C001B3839 /* SituationHistoryDetModel.m in Sources */,
				2531939F21A55AE10014A23A /* InterestCatesReqeust.m in Sources */,
				253C556F218011B000BC3DDB /* UIColor+StandardExt.m in Sources */,
				256775AE21ACD8A200095AE1 /* HistoryTableViewController.m in Sources */,
				25D771BB21C79982003A1E3E /* StatisticsStartTableViewCell.m in Sources */,
				25F7CFCC21819896001C19A3 /* MainStartViewController.m in Sources */,
				254AF7BF21C8A077003A4574 /* StatisticsDetModel.m in Sources */,
				256AF00E21A3D70300E72143 /* TodaySleepSituationListRequest.m in Sources */,
				25D771A521C73D7F003A1E3E /* KidInfoModel.m in Sources */,
				253C55662180104300BC3DDB /* UIView+SubViewExt.m in Sources */,
				258A386421AC0C41001B3839 /* DailySituationModel.m in Sources */,
				256AF00B21A3AFDA00E72143 /* SleepSituation.m in Sources */,
				25F7CFCF2181A2CC001C19A3 /* BaseNavigationController.m in Sources */,
				256775B221ACE00400095AE1 /* HistorySituationDetTableViewCell.m in Sources */,
				2553F5C82182B62C00E94CA7 /* MealSitatusEditTableViewCell.m in Sources */,
				25FAA35E2180248E006C8588 /* UserModel.m in Sources */,
				256AF00821A3A0C600E72143 /* SleepSituationEditTableViewCell.m in Sources */,
				250E454721A2649600BEEC58 /* MealSituationUtil.m in Sources */,
				25F7CFEB2181AF66001C19A3 /* GeneralSituationStartCommonViewController.m in Sources */,
				25D771AC21C78D69003A1E3E /* StatisticStartViewController.m in Sources */,
				253C555A2180070C00BC3DDB /* UserUtil.m in Sources */,
				25A54C0E21C9DD1B00E8DE8C /* InterestStatisticsDetModel.m in Sources */,
				25B80246218B3EE500B13113 /* UserInfoRequest.m in Sources */,
				257CAC0A21A78BF80087FBAE /* SituationDetModel.m in Sources */,
				250E454A21A2652000BEEC58 /* SituationRequestManager.m in Sources */,
				25D771B521C7905F003A1E3E /* TotalStatisticsRequest.m in Sources */,
				257CAC0D21A78C820087FBAE /* SituationModel.m in Sources */,
				253C5537217FFFC200BC3DDB /* main.m in Sources */,
				25D771B821C791CC003A1E3E /* StatisticsStartTableViewController.m in Sources */,
				256AF01121A3D78500E72143 /* AddSleepSituationRequest.m in Sources */,
				25D771A221C73D43003A1E3E /* KidInfoReqeust.m in Sources */,
				25F7CFF22181BFEB001C19A3 /* RadioGroup.m in Sources */,
				25FAA35821801D48006C8588 /* UIImage+ShapeExt.m in Sources */,
				25F7CFDF2181AEAD001C19A3 /* MealSituationStartViewController.m in Sources */,
				250E453F21A2625500BEEC58 /* MealSituation.m in Sources */,
				2531939621A5544D0014A23A /* InterestSituationStartViewController.m in Sources */,
				253C5529217FFFC200BC3DDB /* AppDelegate.m in Sources */,
				25F7CFEF2181BE3B001C19A3 /* RadioButton.m in Sources */,
				25B80249218B49B600B13113 /* HttpRequestUrlUtil.m in Sources */,
				256775A621ACD10700095AE1 /* HistoryRecordsRequest.m in Sources */,
				253193A221A55B210014A23A /* InterestCateModel.m in Sources */,
				258A385521AB9650001B3839 /* TodayInterestSituationTableViewCell.m in Sources */,
				256775A921ACD36800095AE1 /* HistoryRequestManager.m in Sources */,
				2531939921A556E70014A23A /* PopViewController.m in Sources */,
				258A385221AB9311001B3839 /* TodayInterestSituationsRequest.m in Sources */,
				254AF7CB21C8E49B003A4574 /* SleepStatisticsDetModel.m in Sources */,
				25B80243218AFC9F00B13113 /* UserRequestUtil.m in Sources */,
				25B80240218AFBD200B13113 /* UserLoginRequest.m in Sources */,
				257CAC0721A78B7A0087FBAE /* SituationRecordModel.m in Sources */,
				253C556C218010B900BC3DDB /* UIView+BoarderExt.m in Sources */,
				25FAA35B21802025006C8588 /* NSObject+AlertExt.m in Sources */,
				2531939C21A5581F0014A23A /* InterestCateSelectViewController.m in Sources */,
				25FE9A2821B7AE9500FDF663 /* HistoryTypeSelectViewController.m in Sources */,
				25FE9A2321B772F200FDF663 /* DatePickerViewController.m in Sources */,
				253C55502180039F00BC3DDB /* InitializationUtil.m in Sources */,
				25F7CFDB2181AD6B001C19A3 /* TagViewController.m in Sources */,
				253C554C218002E900BC3DDB /* InitializationViewController.m in Sources */,
				250E454D21A286A100BEEC58 /* AddMealSituationRequest.m in Sources */,
				25D771A921C78968003A1E3E /* BasePageViewController.m in Sources */,
				254AF7B621C896DA003A4574 /* MealStatisticsViewController.m in Sources */,
				257162CA21B64CD20051F940 /* TodaySituationViewController.m in Sources */,
				253C55732180128000BC3DDB /* UserLoginViewController.m in Sources */,
				25A54C1421C9ECC600E8DE8C /* InterestStatisticsTableViewCell.m in Sources */,
				258A384C21AB8B15001B3839 /* AddInterestSituationRequest.m in Sources */,
				256775AF21ACD8A200095AE1 /* HistoryStartViewController.m in Sources */,
				258A384921AB7FF1001B3839 /* InterestSituationSelectViewController.m in Sources */,
				254AF7C821C8C4AA003A4574 /* MealStatisticsTableViewCell.m in Sources */,
				253C55692180108500BC3DDB /* UIViewController+SubViewExt.m in Sources */,
				250E454321A262FD00BEEC58 /* TodayMealSituationListRequest.m in Sources */,
				254AF7C521C8A146003A4574 /* MealStatisticsRequest.m in Sources */,
				25F7CFE52181AF1B001C19A3 /* SleepSituationStartViewController.m in Sources */,
				25F7CFDA2181AD6B001C19A3 /* TagView.m in Sources */,
				254AF7BC21C89718003A4574 /* InterestStatisticViewController.m in Sources */,
				25A54C1F21CA255B00E8DE8C /* PersonKidInfoView.m in Sources */,
				253C55432180015D00BC3DDB /* NSObject+RootControllerExt.m in Sources */,
				25F7CFD42181AB3C001C19A3 /* TodayStartViewController.m in Sources */,
				25A54C1921CA18D500E8DE8C /* PersonStartViewController.m in Sources */,
				258A387021AC0D7A001B3839 /* InterestHistoryDetModel.m in Sources */,
				254AF7D121C8ECF3003A4574 /* SleepStatisticsTableViewCell.m in Sources */,
				258A386A21AC0CBE001B3839 /* MealHistoryDetModel.m in Sources */,
			);
			runOnlyForDeploymentPostprocessing = 0;
		};
/* End PBXSourcesBuildPhase section */

/* Begin PBXVariantGroup section */
		253C552D217FFFC200BC3DDB /* Main.storyboard */ = {
			isa = PBXVariantGroup;
			children = (
				253C552E217FFFC200BC3DDB /* Base */,
				25FE9A2421B783CD00FDF663 /* zh-Hans */,
			);
			name = Main.storyboard;
			sourceTree = "<group>";
		};
		253C5532217FFFC200BC3DDB /* LaunchScreen.storyboard */ = {
			isa = PBXVariantGroup;
			children = (
				253C5533217FFFC200BC3DDB /* Base */,
				25FE9A2521B783CD00FDF663 /* zh-Hans */,
			);
			name = LaunchScreen.storyboard;
			sourceTree = "<group>";
		};
/* End PBXVariantGroup section */

/* Begin XCBuildConfiguration section */
		253C5538217FFFC200BC3DDB /* Debug */ = {
			isa = XCBuildConfiguration;
			buildSettings = {
				ALWAYS_SEARCH_USER_PATHS = NO;
				CLANG_ANALYZER_LOCALIZABILITY_NONLOCALIZED = YES;
				CLANG_ANALYZER_NONNULL = YES;
				CLANG_ANALYZER_NUMBER_OBJECT_CONVERSION = YES_AGGRESSIVE;
				CLANG_CXX_LANGUAGE_STANDARD = "gnu++14";
				CLANG_CXX_LIBRARY = "libc++";
				CLANG_ENABLE_MODULES = YES;
				CLANG_ENABLE_OBJC_ARC = YES;
				CLANG_WARN_BLOCK_CAPTURE_AUTORELEASING = YES;
				CLANG_WARN_BOOL_CONVERSION = YES;
				CLANG_WARN_COMMA = YES;
				CLANG_WARN_CONSTANT_CONVERSION = YES;
				CLANG_WARN_DIRECT_OBJC_ISA_USAGE = YES_ERROR;
				CLANG_WARN_DOCUMENTATION_COMMENTS = YES;
				CLANG_WARN_EMPTY_BODY = YES;
				CLANG_WARN_ENUM_CONVERSION = YES;
				CLANG_WARN_INFINITE_RECURSION = YES;
				CLANG_WARN_INT_CONVERSION = YES;
				CLANG_WARN_NON_LITERAL_NULL_CONVERSION = YES;
				CLANG_WARN_OBJC_LITERAL_CONVERSION = YES;
				CLANG_WARN_OBJC_ROOT_CLASS = YES_ERROR;
				CLANG_WARN_RANGE_LOOP_ANALYSIS = YES;
				CLANG_WARN_STRICT_PROTOTYPES = YES;
				CLANG_WARN_SUSPICIOUS_MOVE = YES;
				CLANG_WARN_UNGUARDED_AVAILABILITY = YES_AGGRESSIVE;
				CLANG_WARN_UNREACHABLE_CODE = YES;
				CLANG_WARN__DUPLICATE_METHOD_MATCH = YES;
				CODE_SIGN_IDENTITY = "iPhone Developer";
				COPY_PHASE_STRIP = NO;
				DEBUG_INFORMATION_FORMAT = dwarf;
				ENABLE_STRICT_OBJC_MSGSEND = YES;
				ENABLE_TESTABILITY = YES;
				GCC_C_LANGUAGE_STANDARD = gnu11;
				GCC_DYNAMIC_NO_PIC = NO;
				GCC_NO_COMMON_BLOCKS = YES;
				GCC_OPTIMIZATION_LEVEL = 0;
				GCC_PREPROCESSOR_DEFINITIONS = (
					"DEBUG=1",
					"$(inherited)",
				);
				GCC_WARN_64_TO_32_BIT_CONVERSION = YES;
				GCC_WARN_ABOUT_RETURN_TYPE = YES_ERROR;
				GCC_WARN_UNDECLARED_SELECTOR = YES;
				GCC_WARN_UNINITIALIZED_AUTOS = YES_AGGRESSIVE;
				GCC_WARN_UNUSED_FUNCTION = YES;
				GCC_WARN_UNUSED_VARIABLE = YES;
				IPHONEOS_DEPLOYMENT_TARGET = 9.0;
				MTL_ENABLE_DEBUG_INFO = YES;
				ONLY_ACTIVE_ARCH = YES;
				SDKROOT = iphoneos;
			};
			name = Debug;
		};
		253C5539217FFFC200BC3DDB /* Release */ = {
			isa = XCBuildConfiguration;
			buildSettings = {
				ALWAYS_SEARCH_USER_PATHS = NO;
				CLANG_ANALYZER_LOCALIZABILITY_NONLOCALIZED = YES;
				CLANG_ANALYZER_NONNULL = YES;
				CLANG_ANALYZER_NUMBER_OBJECT_CONVERSION = YES_AGGRESSIVE;
				CLANG_CXX_LANGUAGE_STANDARD = "gnu++14";
				CLANG_CXX_LIBRARY = "libc++";
				CLANG_ENABLE_MODULES = YES;
				CLANG_ENABLE_OBJC_ARC = YES;
				CLANG_WARN_BLOCK_CAPTURE_AUTORELEASING = YES;
				CLANG_WARN_BOOL_CONVERSION = YES;
				CLANG_WARN_COMMA = YES;
				CLANG_WARN_CONSTANT_CONVERSION = YES;
				CLANG_WARN_DIRECT_OBJC_ISA_USAGE = YES_ERROR;
				CLANG_WARN_DOCUMENTATION_COMMENTS = YES;
				CLANG_WARN_EMPTY_BODY = YES;
				CLANG_WARN_ENUM_CONVERSION = YES;
				CLANG_WARN_INFINITE_RECURSION = YES;
				CLANG_WARN_INT_CONVERSION = YES;
				CLANG_WARN_NON_LITERAL_NULL_CONVERSION = YES;
				CLANG_WARN_OBJC_LITERAL_CONVERSION = YES;
				CLANG_WARN_OBJC_ROOT_CLASS = YES_ERROR;
				CLANG_WARN_RANGE_LOOP_ANALYSIS = YES;
				CLANG_WARN_STRICT_PROTOTYPES = YES;
				CLANG_WARN_SUSPICIOUS_MOVE = YES;
				CLANG_WARN_UNGUARDED_AVAILABILITY = YES_AGGRESSIVE;
				CLANG_WARN_UNREACHABLE_CODE = YES;
				CLANG_WARN__DUPLICATE_METHOD_MATCH = YES;
				CODE_SIGN_IDENTITY = "iPhone Developer";
				COPY_PHASE_STRIP = NO;
				DEBUG_INFORMATION_FORMAT = "dwarf-with-dsym";
				ENABLE_NS_ASSERTIONS = NO;
				ENABLE_STRICT_OBJC_MSGSEND = YES;
				GCC_C_LANGUAGE_STANDARD = gnu11;
				GCC_NO_COMMON_BLOCKS = YES;
				GCC_WARN_64_TO_32_BIT_CONVERSION = YES;
				GCC_WARN_ABOUT_RETURN_TYPE = YES_ERROR;
				GCC_WARN_UNDECLARED_SELECTOR = YES;
				GCC_WARN_UNINITIALIZED_AUTOS = YES_AGGRESSIVE;
				GCC_WARN_UNUSED_FUNCTION = YES;
				GCC_WARN_UNUSED_VARIABLE = YES;
				IPHONEOS_DEPLOYMENT_TARGET = 9.0;
				MTL_ENABLE_DEBUG_INFO = NO;
				SDKROOT = iphoneos;
				VALIDATE_PRODUCT = YES;
			};
			name = Release;
		};
		253C553B217FFFC200BC3DDB /* Debug */ = {
			isa = XCBuildConfiguration;
			baseConfigurationReference = 14575877C4509DB436210A58 /* Pods-CherryGrow.debug.xcconfig */;
			buildSettings = {
				ASSETCATALOG_COMPILER_APPICON_NAME = AppIcon;
				CODE_SIGN_STYLE = Automatic;
				DEVELOPMENT_TEAM = KMG2XMRG2Y;
				GCC_PREFIX_HEADER = "CherryGrow/公用/SupportFiles/PrefixHeader.pch";
				INFOPLIST_FILE = CherryGrow/Info.plist;
				IPHONEOS_DEPLOYMENT_TARGET = 9.0;
				LD_RUNPATH_SEARCH_PATHS = "$(inherited) @executable_path/Frameworks";
				PRODUCT_BUNDLE_IDENTIFIER = com.yinq.CherryGrow;
				PRODUCT_NAME = "$(TARGET_NAME)";
				TARGETED_DEVICE_FAMILY = "1,2";
			};
			name = Debug;
		};
		253C553C217FFFC200BC3DDB /* Release */ = {
			isa = XCBuildConfiguration;
			baseConfigurationReference = 6773EEE0CB4F709782235FA8 /* Pods-CherryGrow.release.xcconfig */;
			buildSettings = {
				ASSETCATALOG_COMPILER_APPICON_NAME = AppIcon;
				CODE_SIGN_STYLE = Automatic;
				DEVELOPMENT_TEAM = KMG2XMRG2Y;
				GCC_PREFIX_HEADER = "CherryGrow/公用/SupportFiles/PrefixHeader.pch";
				INFOPLIST_FILE = CherryGrow/Info.plist;
				IPHONEOS_DEPLOYMENT_TARGET = 9.0;
				LD_RUNPATH_SEARCH_PATHS = "$(inherited) @executable_path/Frameworks";
				PRODUCT_BUNDLE_IDENTIFIER = com.yinq.CherryGrow;
				PRODUCT_NAME = "$(TARGET_NAME)";
				TARGETED_DEVICE_FAMILY = "1,2";
			};
			name = Release;
		};
/* End XCBuildConfiguration section */

/* Begin XCConfigurationList section */
		253C551F217FFFC200BC3DDB /* Build configuration list for PBXProject "CherryGrow" */ = {
			isa = XCConfigurationList;
			buildConfigurations = (
				253C5538217FFFC200BC3DDB /* Debug */,
				253C5539217FFFC200BC3DDB /* Release */,
			);
			defaultConfigurationIsVisible = 0;
			defaultConfigurationName = Release;
		};
		253C553A217FFFC200BC3DDB /* Build configuration list for PBXNativeTarget "CherryGrow" */ = {
			isa = XCConfigurationList;
			buildConfigurations = (
				253C553B217FFFC200BC3DDB /* Debug */,
				253C553C217FFFC200BC3DDB /* Release */,
			);
			defaultConfigurationIsVisible = 0;
			defaultConfigurationName = Release;
		};
/* End XCConfigurationList section */
	};
	rootObject = 253C551C217FFFC200BC3DDB /* Project object */;
}
